
Microsoft Visual Studio Solution File, Format Version 12.00
# Visual Studio Version 17
VisualStudioVersion = 17.5.002.0
MinimumVisualStudioVersion = 10.0.40219.1
Project("{2150E333-8FDC-42A3-9474-1A3956D46DE8}") = "HomeWork18_08_2024", "HomeWork18_08_2024", "{74529F18-7BB9-4EE1-B98E-F61B4BB98BCC}"
EndProject
Project("{9A19103F-16F7-4668-BE54-9A1E7A4F7556}") = "HomeWork01", "HomeWork18_08_2024\HomeWork01\HomeWork01.csproj", "{9DDF63E7-1CCB-4841-8671-17A1E57804CD}"
EndProject
Project("{9A19103F-16F7-4668-BE54-9A1E7A4F7556}") = "HomeWork02", "HomeWork18_08_2024\HomeWork02\HomeWork02.csproj", "{82829547-30F2-49C2-9A98-65A1C6B3DC50}"
EndProject
Project("{9A19103F-16F7-4668-BE54-9A1E7A4F7556}") = "HomeWork03", "HomeWork18_08_2024\HomeWork03\HomeWork03.csproj", "{76B85BE9-0D7B-48EA-906F-639A7667A436}"
EndProject
Project("{9A19103F-16F7-4668-BE54-9A1E7A4F7556}") = "HomeWork04", "HomeWork18_08_2024\HomeWork04\HomeWork04.csproj", "{C73C789D-85CB-4E02-8E93-90A5CC8E3060}"
EndProject
Project("{9A19103F-16F7-4668-BE54-9A1E7A4F7556}") = "HomeWork05", "HomeWork18_08_2024\HomeWork05\HomeWork05.csproj", "{0D3A6D73-8AA3-437D-85A9-29BBEDAE1F89}"
EndProject
Project("{9A19103F-16F7-4668-BE54-9A1E7A4F7556}") = "HomeWork06", "HomeWork18_08_2024\HomeWork06\HomeWork06.csproj", "{0951FD20-3321-4D1C-A26D-FEEBB8A0E9A5}"
EndProject
Project("{9A19103F-16F7-4668-BE54-9A1E7A4F7556}") = "HomeWork07", "HomeWork18_08_2024\HomeWork07\HomeWork07.csproj", "{A560EE62-C536-428D-B637-98E37D478E76}"
EndProject
Project("{9A19103F-16F7-4668-BE54-9A1E7A4F7556}") = "HomeWork08", "HomeWork18_08_2024\HomeWork08\HomeWork08.csproj", "{FB6E7D1C-CBAB-409C-9D06-3284A805CF16}"
EndProject
Project("{9A19103F-16F7-4668-BE54-9A1E7A4F7556}") = "HomeWork09", "HomeWork18_08_2024\HomeWork09\HomeWork09.csproj", "{97E21C3B-65B1-475B-A423-45D5AE1B8F10}"
EndProject
Project("{9A19103F-16F7-4668-BE54-9A1E7A4F7556}") = "HomeWork10", "HomeWork18_08_2024\HomeWork10\HomeWork10.csproj", "{F58E28D4-15CC-453C-8509-D85C301EB6D1}"
EndProject
Project("{9A19103F-16F7-4668-BE54-9A1E7A4F7556}") = "HomeWork11", "HomeWork18_08_2024\HomeWork11\HomeWork11.csproj", "{7C7E2898-24EC-430C-824D-09D9BF9A8864}"
EndProject
Project("{9A19103F-16F7-4668-BE54-9A1E7A4F7556}") = "HomeWork12", "HomeWork18_08_2024\HomeWork12\HomeWork12.csproj", "{372C0631-3DB0-44CD-B091-02B3CB157716}"
EndProject
Project("{9A19103F-16F7-4668-BE54-9A1E7A4F7556}") = "HomeWork13", "HomeWork18_08_2024\HomeWork13\HomeWork13.csproj", "{7E6B8B62-AD2B-47CD-B00A-1AF9FEC31744}"
EndProject
Project("{9A19103F-16F7-4668-BE54-9A1E7A4F7556}") = "HomeWork14", "HomeWork18_08_2024\HomeWork14\HomeWork14.csproj", "{24585515-005C-49A5-BEDE-DEF149CAC857}"
EndProject
Project("{9A19103F-16F7-4668-BE54-9A1E7A4F7556}") = "HomeWork15", "HomeWork18_08_2024\HomeWork15\HomeWork15.csproj", "{EE74A124-E847-46EC-BFD6-171442293AC1}"
EndProject
Project("{9A19103F-16F7-4668-BE54-9A1E7A4F7556}") = "HomeWork16", "HomeWork18_08_2024\HomeWork16\HomeWork16.csproj", "{1EFC5539-8CED-425D-A59D-F921302673E9}"
EndProject
Project("{9A19103F-16F7-4668-BE54-9A1E7A4F7556}") = "HomeWork17", "HomeWork18_08_2024\HomeWork17\HomeWork17.csproj", "{6C1ABA36-EE6A-4D76-BC31-B074D18ABE7E}"
EndProject
Project("{9A19103F-16F7-4668-BE54-9A1E7A4F7556}") = "HomeWork18", "HomeWork18_08_2024\HomeWork18\HomeWork18.csproj", "{E99C7353-9EF2-4EA7-AD36-A6FBE4800EE4}"
EndProject
Project("{2150E333-8FDC-42A3-9474-1A3956D46DE8}") = "HomeWorks_29_08_2024", "HomeWorks_29_08_2024", "{E27DB902-C242-47BB-A67A-04B1AB58FB9C}"
EndProject
Project("{2150E333-8FDC-42A3-9474-1A3956D46DE8}") = "01_string_methods", "01_string_methods", "{ECE42389-F49E-4461-901A-E19B01FD8B0E}"
EndProject
Project("{9A19103F-16F7-4668-BE54-9A1E7A4F7556}") = "Soru1", "HomeWorks_29_08_2024\01_string_methods\Soru1\Soru1.csproj", "{AB95008A-CD99-4721-8348-6A7312C186BE}"
EndProject
Project("{9A19103F-16F7-4668-BE54-9A1E7A4F7556}") = "Soru2", "HomeWorks_29_08_2024\01_string_methods\Soru2\Soru2.csproj", "{884ACBF0-D8D2-447C-B667-16BB71C1DE98}"
EndProject
Project("{9A19103F-16F7-4668-BE54-9A1E7A4F7556}") = "Soru3", "HomeWorks_29_08_2024\01_string_methods\Soru3\Soru3.csproj", "{6E00378E-F1BF-43B7-A192-FC224D5BDCFE}"
EndProject
Project("{9A19103F-16F7-4668-BE54-9A1E7A4F7556}") = "Soru4", "HomeWorks_29_08_2024\01_string_methods\Soru4\Soru4.csproj", "{AF4C0C96-760E-4AD6-8F1A-598CC0C6AAE2}"
EndProject
Project("{9A19103F-16F7-4668-BE54-9A1E7A4F7556}") = "Soru5", "HomeWorks_29_08_2024\01_string_methods\Soru5\Soru5.csproj", "{22541E03-70A3-4CEF-80F5-6D7FDE9D9671}"
EndProject
Project("{2150E333-8FDC-42A3-9474-1A3956D46DE8}") = "02_number_methods", "02_number_methods", "{400E7348-1966-4956-824D-8603A25C4E19}"
EndProject
Project("{9A19103F-16F7-4668-BE54-9A1E7A4F7556}") = "Soru1", "HomeWorks_29_08_2024\02_number_methods\Soru1\Soru1.csproj", "{EF8A8AFB-C05F-495F-970D-E10C0C245E15}"
EndProject
Project("{9A19103F-16F7-4668-BE54-9A1E7A4F7556}") = "Soru10", "HomeWorks_29_08_2024\02_number_methods\Soru10\Soru10.csproj", "{60E9F81A-1901-4FEF-B15E-19FDAF0031EF}"
EndProject
Project("{9A19103F-16F7-4668-BE54-9A1E7A4F7556}") = "Soru2", "HomeWorks_29_08_2024\02_number_methods\Soru2\Soru2.csproj", "{E7940EA0-7F16-463F-B144-9552227F6CCC}"
EndProject
Project("{9A19103F-16F7-4668-BE54-9A1E7A4F7556}") = "Soru3", "HomeWorks_29_08_2024\02_number_methods\Soru3\Soru3.csproj", "{10A245D7-6B82-4614-8B2B-58255958968E}"
EndProject
Project("{9A19103F-16F7-4668-BE54-9A1E7A4F7556}") = "Soru4", "HomeWorks_29_08_2024\02_number_methods\Soru4\Soru4.csproj", "{F3A27E7D-6850-41D2-BFEF-123D8F783D06}"
EndProject
Project("{9A19103F-16F7-4668-BE54-9A1E7A4F7556}") = "Soru5", "HomeWorks_29_08_2024\02_number_methods\Soru5\Soru5.csproj", "{1A36754D-DDF8-48D6-BA83-43CD5B03FF05}"
EndProject
Project("{9A19103F-16F7-4668-BE54-9A1E7A4F7556}") = "Soru6", "HomeWorks_29_08_2024\02_number_methods\Soru6\Soru6.csproj", "{276239F5-C7C8-408C-8908-19BAA41C038D}"
EndProject
Project("{9A19103F-16F7-4668-BE54-9A1E7A4F7556}") = "Soru7", "HomeWorks_29_08_2024\02_number_methods\Soru7\Soru7.csproj", "{B9AF3BFC-0DF9-46FD-B47F-954E9393CE49}"
EndProject
Project("{9A19103F-16F7-4668-BE54-9A1E7A4F7556}") = "Soru8", "HomeWorks_29_08_2024\02_number_methods\Soru8\Soru8.csproj", "{BB6C142A-2320-47A1-8D8D-BABCAB153141}"
EndProject
Project("{9A19103F-16F7-4668-BE54-9A1E7A4F7556}") = "Soru9", "HomeWorks_29_08_2024\02_number_methods\Soru9\Soru9.csproj", "{848DF3C1-8C57-45A7-A3AB-32D5488D46CE}"
EndProject
Project("{2150E333-8FDC-42A3-9474-1A3956D46DE8}") = "03_datetime-methods", "03_datetime-methods", "{C1137E03-D18B-4C98-9EAE-0701F7A4B36C}"
EndProject
Project("{9A19103F-16F7-4668-BE54-9A1E7A4F7556}") = "Soru1", "HomeWorks_29_08_2024\03_datetime-methods\Soru1\Soru1.csproj", "{EF8D8532-3277-4D66-BBB0-EDB4C39FD263}"
EndProject
Project("{9A19103F-16F7-4668-BE54-9A1E7A4F7556}") = "Soru10", "HomeWorks_29_08_2024\03_datetime-methods\Soru10\Soru10.csproj", "{C167511D-1A4E-4124-B297-9F39FAB38646}"
EndProject
Project("{9A19103F-16F7-4668-BE54-9A1E7A4F7556}") = "Soru2", "HomeWorks_29_08_2024\03_datetime-methods\Soru2\Soru2.csproj", "{C44B1C47-4BD0-47BC-8520-B2C74B139836}"
EndProject
Project("{9A19103F-16F7-4668-BE54-9A1E7A4F7556}") = "Soru3", "HomeWorks_29_08_2024\03_datetime-methods\Soru3\Soru3.csproj", "{75D3377D-6E8C-4574-B543-4762CC8E18B1}"
EndProject
Project("{9A19103F-16F7-4668-BE54-9A1E7A4F7556}") = "Soru4", "HomeWorks_29_08_2024\03_datetime-methods\Soru4\Soru4.csproj", "{2ECE101B-A160-49D5-A622-9B8549E29147}"
EndProject
Project("{9A19103F-16F7-4668-BE54-9A1E7A4F7556}") = "Soru5", "HomeWorks_29_08_2024\03_datetime-methods\Soru5\Soru5.csproj", "{B3B75037-4EAC-4753-8ADA-B42EBC8A3F69}"
EndProject
Project("{9A19103F-16F7-4668-BE54-9A1E7A4F7556}") = "Soru6", "HomeWorks_29_08_2024\03_datetime-methods\Soru6\Soru6.csproj", "{B38E8987-755B-4218-8793-E852FB65AAD0}"
EndProject
Project("{9A19103F-16F7-4668-BE54-9A1E7A4F7556}") = "Soru7", "HomeWorks_29_08_2024\03_datetime-methods\Soru7\Soru7.csproj", "{176EBC1B-7B0F-41C4-826B-B70E255C53F8}"
EndProject
Project("{9A19103F-16F7-4668-BE54-9A1E7A4F7556}") = "Soru8", "HomeWorks_29_08_2024\03_datetime-methods\Soru8\Soru8.csproj", "{250ADD77-8C05-4B52-B04F-6E7BF79B8323}"
EndProject
Project("{9A19103F-16F7-4668-BE54-9A1E7A4F7556}") = "Soru9", "HomeWorks_29_08_2024\03_datetime-methods\Soru9\Soru9.csproj", "{5F25181E-251F-4463-BF99-9FFCF809CA5C}"
EndProject
Project("{2150E333-8FDC-42A3-9474-1A3956D46DE8}") = "04_if_else", "04_if_else", "{74B65AA0-6596-4FAD-B449-C75272A97CE2}"
EndProject
Project("{9A19103F-16F7-4668-BE54-9A1E7A4F7556}") = "Soru1", "HomeWorks_29_08_2024\04_if_else\Soru1\Soru1.csproj", "{7B60DF40-4698-4DD4-B158-76FD9D33E3A0}"
EndProject
Project("{9A19103F-16F7-4668-BE54-9A1E7A4F7556}") = "Soru10", "HomeWorks_29_08_2024\04_if_else\Soru10\Soru10.csproj", "{D5C52124-24C5-4370-BD5A-D18EB9A4C5B7}"
EndProject
Project("{9A19103F-16F7-4668-BE54-9A1E7A4F7556}") = "Soru2", "HomeWorks_29_08_2024\04_if_else\Soru2\Soru2.csproj", "{7AF587A6-3C71-408C-9179-52D341658AE3}"
EndProject
Project("{9A19103F-16F7-4668-BE54-9A1E7A4F7556}") = "Soru3", "HomeWorks_29_08_2024\04_if_else\Soru3\Soru3.csproj", "{858CF73A-7CE1-4BD3-85DA-96B8A6351406}"
EndProject
Project("{9A19103F-16F7-4668-BE54-9A1E7A4F7556}") = "Soru4", "HomeWorks_29_08_2024\04_if_else\Soru4\Soru4.csproj", "{4888B3E8-1B1E-4D05-AC52-D12645C87F61}"
EndProject
Project("{9A19103F-16F7-4668-BE54-9A1E7A4F7556}") = "Soru5", "HomeWorks_29_08_2024\04_if_else\Soru5\Soru5.csproj", "{49EF442C-36A1-4D8F-B159-84BE5E572155}"
EndProject
Project("{9A19103F-16F7-4668-BE54-9A1E7A4F7556}") = "Soru6", "HomeWorks_29_08_2024\04_if_else\Soru6\Soru6.csproj", "{C8050F25-B1F2-402D-B9F8-3B4FE828CB48}"
EndProject
Project("{9A19103F-16F7-4668-BE54-9A1E7A4F7556}") = "Soru7", "HomeWorks_29_08_2024\04_if_else\Soru7\Soru7.csproj", "{45A1F470-07A7-4580-85C4-E70A7546A610}"
EndProject
Project("{9A19103F-16F7-4668-BE54-9A1E7A4F7556}") = "Soru8", "HomeWorks_29_08_2024\04_if_else\Soru8\Soru8.csproj", "{FE0D485D-7C9A-4982-A794-8B83E6E40B4C}"
EndProject
Project("{9A19103F-16F7-4668-BE54-9A1E7A4F7556}") = "Soru9", "HomeWorks_29_08_2024\04_if_else\Soru9\Soru9.csproj", "{8E787938-CAAD-4FE5-86A4-E3BEBBE7426C}"
EndProject
Project("{2150E333-8FDC-42A3-9474-1A3956D46DE8}") = "05_if_else", "05_if_else", "{21C97E64-0B87-4D19-9EF2-EAEBA91AB748}"
EndProject
Project("{9A19103F-16F7-4668-BE54-9A1E7A4F7556}") = "Soru1", "HomeWorks_29_08_2024\05_if_else\Soru1\Soru1.csproj", "{4E4F171C-1D3E-4508-AD44-D99A62C2B18B}"
EndProject
Project("{9A19103F-16F7-4668-BE54-9A1E7A4F7556}") = "Soru2", "HomeWorks_29_08_2024\05_if_else\Soru2\Soru2.csproj", "{F25352F8-C821-47D5-9951-81B4A1C1D2AA}"
EndProject
Project("{9A19103F-16F7-4668-BE54-9A1E7A4F7556}") = "Soru3", "HomeWorks_29_08_2024\05_if_else\Soru3\Soru3.csproj", "{CA36DA5B-148A-4FBA-AD7D-6445E38D07AD}"
EndProject
Project("{9A19103F-16F7-4668-BE54-9A1E7A4F7556}") = "Soru4", "HomeWorks_29_08_2024\05_if_else\Soru4\Soru4.csproj", "{A92F4378-1FF2-4AA8-9FDE-D03E331DBDC9}"
EndProject
Project("{9A19103F-16F7-4668-BE54-9A1E7A4F7556}") = "Soru5", "HomeWorks_29_08_2024\05_if_else\Soru5\Soru5.csproj", "{3E77DC4B-4C5A-4CF7-8054-9FAC94A680DC}"
EndProject
Project("{9A19103F-16F7-4668-BE54-9A1E7A4F7556}") = "Soru6", "HomeWorks_29_08_2024\05_if_else\Soru6\Soru6.csproj", "{81726FEF-DE1F-4EED-AA59-B8278B3DE004}"
EndProject
Project("{9A19103F-16F7-4668-BE54-9A1E7A4F7556}") = "Soru7", "HomeWorks_29_08_2024\05_if_else\Soru7\Soru7.csproj", "{F9988102-A8C7-40A7-9629-77BA1A0BDCC5}"
EndProject
Project("{9A19103F-16F7-4668-BE54-9A1E7A4F7556}") = "Soru8", "HomeWorks_29_08_2024\05_if_else\Soru8\Soru8.csproj", "{F752AD7F-0023-40D6-9AD3-A0214060D3CF}"
EndProject
Project("{9A19103F-16F7-4668-BE54-9A1E7A4F7556}") = "Soru9", "HomeWorks_29_08_2024\05_if_else\Soru9\Soru9.csproj", "{CB5DE7D4-8BB1-4C53-85E9-510AF61AF298}"
EndProject
Project("{2150E333-8FDC-42A3-9474-1A3956D46DE8}") = "06_homework", "06_homework", "{7AB4AA89-2DC2-464E-A9EA-98E2204FA374}"
EndProject
Project("{9A19103F-16F7-4668-BE54-9A1E7A4F7556}") = "Soru1", "HomeWorks_29_08_2024\06_homework\Soru1\Soru1.csproj", "{B5584669-3F4E-4FC8-9532-8D11F067ED9D}"
EndProject
Project("{9A19103F-16F7-4668-BE54-9A1E7A4F7556}") = "Soru2", "HomeWorks_29_08_2024\06_homework\Soru2\Soru2.csproj", "{03317B42-F0C8-4BBB-91C0-725806301F42}"
EndProject
Project("{9A19103F-16F7-4668-BE54-9A1E7A4F7556}") = "Soru3", "HomeWorks_29_08_2024\06_homework\Soru3\Soru3.csproj", "{DF2A6A96-1CD8-4962-82EB-784C842B22CB}"
EndProject
Project("{9A19103F-16F7-4668-BE54-9A1E7A4F7556}") = "Soru4", "HomeWorks_29_08_2024\06_homework\Soru4\Soru4.csproj", "{1C32F038-EF6B-493E-8F84-1D741E55DA83}"
EndProject
Project("{9A19103F-16F7-4668-BE54-9A1E7A4F7556}") = "Soru5", "HomeWorks_29_08_2024\06_homework\Soru5\Soru5.csproj", "{F419FE22-4E42-406A-BC44-692CDA516262}"
EndProject
Project("{9A19103F-16F7-4668-BE54-9A1E7A4F7556}") = "Soru6", "HomeWorks_29_08_2024\06_homework\Soru6\Soru6.csproj", "{70DECB22-6877-4482-91D3-8DEE6FB66457}"
EndProject
Project("{9A19103F-16F7-4668-BE54-9A1E7A4F7556}") = "Soru7", "HomeWorks_29_08_2024\06_homework\Soru7\Soru7.csproj", "{331D35FB-61EC-40DA-8DAD-BFC051353222}"
EndProject
Project("{9A19103F-16F7-4668-BE54-9A1E7A4F7556}") = "Soru8", "HomeWorks_29_08_2024\06_homework\Soru8\Soru8.csproj", "{1F593CCD-2C16-4B31-ADF0-6497210FB076}"
EndProject
Project("{2150E333-8FDC-42A3-9474-1A3956D46DE8}") = "07_switch_homework", "07_switch_homework", "{A43F7CCD-F481-482D-8CE4-3BE2F81FF3EE}"
EndProject
Project("{9A19103F-16F7-4668-BE54-9A1E7A4F7556}") = "Soru1", "HomeWorks_29_08_2024\07_switch_homework\Soru1\Soru1.csproj", "{3288134E-DBEF-4767-88F7-BD5CC045183E}"
EndProject
Project("{9A19103F-16F7-4668-BE54-9A1E7A4F7556}") = "Soru10", "HomeWorks_29_08_2024\07_switch_homework\Soru10\Soru10.csproj", "{77D716D0-AEEF-48AA-8A4B-218D294BBBCF}"
EndProject
Project("{9A19103F-16F7-4668-BE54-9A1E7A4F7556}") = "Soru2", "HomeWorks_29_08_2024\07_switch_homework\Soru2\Soru2.csproj", "{54631D21-A04E-44CB-96A3-4D82174E1791}"
EndProject
Project("{9A19103F-16F7-4668-BE54-9A1E7A4F7556}") = "Soru3", "HomeWorks_29_08_2024\07_switch_homework\Soru3\Soru3.csproj", "{940DA1E3-53B0-47A5-B8BB-887CD0D1700E}"
EndProject
Project("{9A19103F-16F7-4668-BE54-9A1E7A4F7556}") = "Soru4", "HomeWorks_29_08_2024\07_switch_homework\Soru4\Soru4.csproj", "{BF4C0D32-CE62-48CC-BCB5-6814B763A0AE}"
EndProject
Project("{9A19103F-16F7-4668-BE54-9A1E7A4F7556}") = "Soru5", "HomeWorks_29_08_2024\07_switch_homework\Soru5\Soru5.csproj", "{6051C00D-4BAF-491F-B93D-C0784CB14D2E}"
EndProject
Project("{9A19103F-16F7-4668-BE54-9A1E7A4F7556}") = "Soru6", "HomeWorks_29_08_2024\07_switch_homework\Soru6\Soru6.csproj", "{661D738D-C266-4F61-BE2C-934B1950A32B}"
EndProject
Project("{9A19103F-16F7-4668-BE54-9A1E7A4F7556}") = "Soru7", "HomeWorks_29_08_2024\07_switch_homework\Soru7\Soru7.csproj", "{A50A05BD-C174-4294-AC56-FF680C762EEF}"
EndProject
Project("{9A19103F-16F7-4668-BE54-9A1E7A4F7556}") = "Soru8", "HomeWorks_29_08_2024\07_switch_homework\Soru8\Soru8.csproj", "{5C66CD0A-4F30-4DE8-B12B-E59EA3674426}"
EndProject
Project("{9A19103F-16F7-4668-BE54-9A1E7A4F7556}") = "Soru9", "HomeWorks_29_08_2024\07_switch_homework\Soru9\Soru9.csproj", "{65FB7DEF-3576-4435-B67D-119172625CDB}"
EndProject
Global
	GlobalSection(SolutionConfigurationPlatforms) = preSolution
		Debug|Any CPU = Debug|Any CPU
		Release|Any CPU = Release|Any CPU
	EndGlobalSection
	GlobalSection(ProjectConfigurationPlatforms) = postSolution
		{9DDF63E7-1CCB-4841-8671-17A1E57804CD}.Debug|Any CPU.ActiveCfg = Debug|Any CPU
		{9DDF63E7-1CCB-4841-8671-17A1E57804CD}.Debug|Any CPU.Build.0 = Debug|Any CPU
		{9DDF63E7-1CCB-4841-8671-17A1E57804CD}.Release|Any CPU.ActiveCfg = Release|Any CPU
		{9DDF63E7-1CCB-4841-8671-17A1E57804CD}.Release|Any CPU.Build.0 = Release|Any CPU
		{82829547-30F2-49C2-9A98-65A1C6B3DC50}.Debug|Any CPU.ActiveCfg = Debug|Any CPU
		{82829547-30F2-49C2-9A98-65A1C6B3DC50}.Debug|Any CPU.Build.0 = Debug|Any CPU
		{82829547-30F2-49C2-9A98-65A1C6B3DC50}.Release|Any CPU.ActiveCfg = Release|Any CPU
		{82829547-30F2-49C2-9A98-65A1C6B3DC50}.Release|Any CPU.Build.0 = Release|Any CPU
		{76B85BE9-0D7B-48EA-906F-639A7667A436}.Debug|Any CPU.ActiveCfg = Debug|Any CPU
		{76B85BE9-0D7B-48EA-906F-639A7667A436}.Debug|Any CPU.Build.0 = Debug|Any CPU
		{76B85BE9-0D7B-48EA-906F-639A7667A436}.Release|Any CPU.ActiveCfg = Release|Any CPU
		{76B85BE9-0D7B-48EA-906F-639A7667A436}.Release|Any CPU.Build.0 = Release|Any CPU
		{C73C789D-85CB-4E02-8E93-90A5CC8E3060}.Debug|Any CPU.ActiveCfg = Debug|Any CPU
		{C73C789D-85CB-4E02-8E93-90A5CC8E3060}.Debug|Any CPU.Build.0 = Debug|Any CPU
		{C73C789D-85CB-4E02-8E93-90A5CC8E3060}.Release|Any CPU.ActiveCfg = Release|Any CPU
		{C73C789D-85CB-4E02-8E93-90A5CC8E3060}.Release|Any CPU.Build.0 = Release|Any CPU
		{0D3A6D73-8AA3-437D-85A9-29BBEDAE1F89}.Debug|Any CPU.ActiveCfg = Debug|Any CPU
		{0D3A6D73-8AA3-437D-85A9-29BBEDAE1F89}.Debug|Any CPU.Build.0 = Debug|Any CPU
		{0D3A6D73-8AA3-437D-85A9-29BBEDAE1F89}.Release|Any CPU.ActiveCfg = Release|Any CPU
		{0D3A6D73-8AA3-437D-85A9-29BBEDAE1F89}.Release|Any CPU.Build.0 = Release|Any CPU
		{0951FD20-3321-4D1C-A26D-FEEBB8A0E9A5}.Debug|Any CPU.ActiveCfg = Debug|Any CPU
		{0951FD20-3321-4D1C-A26D-FEEBB8A0E9A5}.Debug|Any CPU.Build.0 = Debug|Any CPU
		{0951FD20-3321-4D1C-A26D-FEEBB8A0E9A5}.Release|Any CPU.ActiveCfg = Release|Any CPU
		{0951FD20-3321-4D1C-A26D-FEEBB8A0E9A5}.Release|Any CPU.Build.0 = Release|Any CPU
		{A560EE62-C536-428D-B637-98E37D478E76}.Debug|Any CPU.ActiveCfg = Debug|Any CPU
		{A560EE62-C536-428D-B637-98E37D478E76}.Debug|Any CPU.Build.0 = Debug|Any CPU
		{A560EE62-C536-428D-B637-98E37D478E76}.Release|Any CPU.ActiveCfg = Release|Any CPU
		{A560EE62-C536-428D-B637-98E37D478E76}.Release|Any CPU.Build.0 = Release|Any CPU
		{FB6E7D1C-CBAB-409C-9D06-3284A805CF16}.Debug|Any CPU.ActiveCfg = Debug|Any CPU
		{FB6E7D1C-CBAB-409C-9D06-3284A805CF16}.Debug|Any CPU.Build.0 = Debug|Any CPU
		{FB6E7D1C-CBAB-409C-9D06-3284A805CF16}.Release|Any CPU.ActiveCfg = Release|Any CPU
		{FB6E7D1C-CBAB-409C-9D06-3284A805CF16}.Release|Any CPU.Build.0 = Release|Any CPU
		{97E21C3B-65B1-475B-A423-45D5AE1B8F10}.Debug|Any CPU.ActiveCfg = Debug|Any CPU
		{97E21C3B-65B1-475B-A423-45D5AE1B8F10}.Debug|Any CPU.Build.0 = Debug|Any CPU
		{97E21C3B-65B1-475B-A423-45D5AE1B8F10}.Release|Any CPU.ActiveCfg = Release|Any CPU
		{97E21C3B-65B1-475B-A423-45D5AE1B8F10}.Release|Any CPU.Build.0 = Release|Any CPU
		{F58E28D4-15CC-453C-8509-D85C301EB6D1}.Debug|Any CPU.ActiveCfg = Debug|Any CPU
		{F58E28D4-15CC-453C-8509-D85C301EB6D1}.Debug|Any CPU.Build.0 = Debug|Any CPU
		{F58E28D4-15CC-453C-8509-D85C301EB6D1}.Release|Any CPU.ActiveCfg = Release|Any CPU
		{F58E28D4-15CC-453C-8509-D85C301EB6D1}.Release|Any CPU.Build.0 = Release|Any CPU
		{7C7E2898-24EC-430C-824D-09D9BF9A8864}.Debug|Any CPU.ActiveCfg = Debug|Any CPU
		{7C7E2898-24EC-430C-824D-09D9BF9A8864}.Debug|Any CPU.Build.0 = Debug|Any CPU
		{7C7E2898-24EC-430C-824D-09D9BF9A8864}.Release|Any CPU.ActiveCfg = Release|Any CPU
		{7C7E2898-24EC-430C-824D-09D9BF9A8864}.Release|Any CPU.Build.0 = Release|Any CPU
		{372C0631-3DB0-44CD-B091-02B3CB157716}.Debug|Any CPU.ActiveCfg = Debug|Any CPU
		{372C0631-3DB0-44CD-B091-02B3CB157716}.Debug|Any CPU.Build.0 = Debug|Any CPU
		{372C0631-3DB0-44CD-B091-02B3CB157716}.Release|Any CPU.ActiveCfg = Release|Any CPU
		{372C0631-3DB0-44CD-B091-02B3CB157716}.Release|Any CPU.Build.0 = Release|Any CPU
		{7E6B8B62-AD2B-47CD-B00A-1AF9FEC31744}.Debug|Any CPU.ActiveCfg = Debug|Any CPU
		{7E6B8B62-AD2B-47CD-B00A-1AF9FEC31744}.Debug|Any CPU.Build.0 = Debug|Any CPU
		{7E6B8B62-AD2B-47CD-B00A-1AF9FEC31744}.Release|Any CPU.ActiveCfg = Release|Any CPU
		{7E6B8B62-AD2B-47CD-B00A-1AF9FEC31744}.Release|Any CPU.Build.0 = Release|Any CPU
		{24585515-005C-49A5-BEDE-DEF149CAC857}.Debug|Any CPU.ActiveCfg = Debug|Any CPU
		{24585515-005C-49A5-BEDE-DEF149CAC857}.Debug|Any CPU.Build.0 = Debug|Any CPU
		{24585515-005C-49A5-BEDE-DEF149CAC857}.Release|Any CPU.ActiveCfg = Release|Any CPU
		{24585515-005C-49A5-BEDE-DEF149CAC857}.Release|Any CPU.Build.0 = Release|Any CPU
		{EE74A124-E847-46EC-BFD6-171442293AC1}.Debug|Any CPU.ActiveCfg = Debug|Any CPU
		{EE74A124-E847-46EC-BFD6-171442293AC1}.Debug|Any CPU.Build.0 = Debug|Any CPU
		{EE74A124-E847-46EC-BFD6-171442293AC1}.Release|Any CPU.ActiveCfg = Release|Any CPU
		{EE74A124-E847-46EC-BFD6-171442293AC1}.Release|Any CPU.Build.0 = Release|Any CPU
		{1EFC5539-8CED-425D-A59D-F921302673E9}.Debug|Any CPU.ActiveCfg = Debug|Any CPU
		{1EFC5539-8CED-425D-A59D-F921302673E9}.Debug|Any CPU.Build.0 = Debug|Any CPU
		{1EFC5539-8CED-425D-A59D-F921302673E9}.Release|Any CPU.ActiveCfg = Release|Any CPU
		{1EFC5539-8CED-425D-A59D-F921302673E9}.Release|Any CPU.Build.0 = Release|Any CPU
		{6C1ABA36-EE6A-4D76-BC31-B074D18ABE7E}.Debug|Any CPU.ActiveCfg = Debug|Any CPU
		{6C1ABA36-EE6A-4D76-BC31-B074D18ABE7E}.Debug|Any CPU.Build.0 = Debug|Any CPU
		{6C1ABA36-EE6A-4D76-BC31-B074D18ABE7E}.Release|Any CPU.ActiveCfg = Release|Any CPU
		{6C1ABA36-EE6A-4D76-BC31-B074D18ABE7E}.Release|Any CPU.Build.0 = Release|Any CPU
		{E99C7353-9EF2-4EA7-AD36-A6FBE4800EE4}.Debug|Any CPU.ActiveCfg = Debug|Any CPU
		{E99C7353-9EF2-4EA7-AD36-A6FBE4800EE4}.Debug|Any CPU.Build.0 = Debug|Any CPU
		{E99C7353-9EF2-4EA7-AD36-A6FBE4800EE4}.Release|Any CPU.ActiveCfg = Release|Any CPU
		{E99C7353-9EF2-4EA7-AD36-A6FBE4800EE4}.Release|Any CPU.Build.0 = Release|Any CPU
		{AB95008A-CD99-4721-8348-6A7312C186BE}.Debug|Any CPU.ActiveCfg = Debug|Any CPU
		{AB95008A-CD99-4721-8348-6A7312C186BE}.Debug|Any CPU.Build.0 = Debug|Any CPU
		{AB95008A-CD99-4721-8348-6A7312C186BE}.Release|Any CPU.ActiveCfg = Release|Any CPU
		{AB95008A-CD99-4721-8348-6A7312C186BE}.Release|Any CPU.Build.0 = Release|Any CPU
		{884ACBF0-D8D2-447C-B667-16BB71C1DE98}.Debug|Any CPU.ActiveCfg = Debug|Any CPU
		{884ACBF0-D8D2-447C-B667-16BB71C1DE98}.Debug|Any CPU.Build.0 = Debug|Any CPU
		{884ACBF0-D8D2-447C-B667-16BB71C1DE98}.Release|Any CPU.ActiveCfg = Release|Any CPU
		{884ACBF0-D8D2-447C-B667-16BB71C1DE98}.Release|Any CPU.Build.0 = Release|Any CPU
		{6E00378E-F1BF-43B7-A192-FC224D5BDCFE}.Debug|Any CPU.ActiveCfg = Debug|Any CPU
		{6E00378E-F1BF-43B7-A192-FC224D5BDCFE}.Debug|Any CPU.Build.0 = Debug|Any CPU
		{6E00378E-F1BF-43B7-A192-FC224D5BDCFE}.Release|Any CPU.ActiveCfg = Release|Any CPU
		{6E00378E-F1BF-43B7-A192-FC224D5BDCFE}.Release|Any CPU.Build.0 = Release|Any CPU
		{AF4C0C96-760E-4AD6-8F1A-598CC0C6AAE2}.Debug|Any CPU.ActiveCfg = Debug|Any CPU
		{AF4C0C96-760E-4AD6-8F1A-598CC0C6AAE2}.Debug|Any CPU.Build.0 = Debug|Any CPU
		{AF4C0C96-760E-4AD6-8F1A-598CC0C6AAE2}.Release|Any CPU.ActiveCfg = Release|Any CPU
		{AF4C0C96-760E-4AD6-8F1A-598CC0C6AAE2}.Release|Any CPU.Build.0 = Release|Any CPU
		{22541E03-70A3-4CEF-80F5-6D7FDE9D9671}.Debug|Any CPU.ActiveCfg = Debug|Any CPU
		{22541E03-70A3-4CEF-80F5-6D7FDE9D9671}.Debug|Any CPU.Build.0 = Debug|Any CPU
		{22541E03-70A3-4CEF-80F5-6D7FDE9D9671}.Release|Any CPU.ActiveCfg = Release|Any CPU
		{22541E03-70A3-4CEF-80F5-6D7FDE9D9671}.Release|Any CPU.Build.0 = Release|Any CPU
		{EF8A8AFB-C05F-495F-970D-E10C0C245E15}.Debug|Any CPU.ActiveCfg = Debug|Any CPU
		{EF8A8AFB-C05F-495F-970D-E10C0C245E15}.Debug|Any CPU.Build.0 = Debug|Any CPU
		{EF8A8AFB-C05F-495F-970D-E10C0C245E15}.Release|Any CPU.ActiveCfg = Release|Any CPU
		{EF8A8AFB-C05F-495F-970D-E10C0C245E15}.Release|Any CPU.Build.0 = Release|Any CPU
		{60E9F81A-1901-4FEF-B15E-19FDAF0031EF}.Debug|Any CPU.ActiveCfg = Debug|Any CPU
		{60E9F81A-1901-4FEF-B15E-19FDAF0031EF}.Debug|Any CPU.Build.0 = Debug|Any CPU
		{60E9F81A-1901-4FEF-B15E-19FDAF0031EF}.Release|Any CPU.ActiveCfg = Release|Any CPU
		{60E9F81A-1901-4FEF-B15E-19FDAF0031EF}.Release|Any CPU.Build.0 = Release|Any CPU
		{E7940EA0-7F16-463F-B144-9552227F6CCC}.Debug|Any CPU.ActiveCfg = Debug|Any CPU
		{E7940EA0-7F16-463F-B144-9552227F6CCC}.Debug|Any CPU.Build.0 = Debug|Any CPU
		{E7940EA0-7F16-463F-B144-9552227F6CCC}.Release|Any CPU.ActiveCfg = Release|Any CPU
		{E7940EA0-7F16-463F-B144-9552227F6CCC}.Release|Any CPU.Build.0 = Release|Any CPU
		{10A245D7-6B82-4614-8B2B-58255958968E}.Debug|Any CPU.ActiveCfg = Debug|Any CPU
		{10A245D7-6B82-4614-8B2B-58255958968E}.Debug|Any CPU.Build.0 = Debug|Any CPU
		{10A245D7-6B82-4614-8B2B-58255958968E}.Release|Any CPU.ActiveCfg = Release|Any CPU
		{10A245D7-6B82-4614-8B2B-58255958968E}.Release|Any CPU.Build.0 = Release|Any CPU
		{F3A27E7D-6850-41D2-BFEF-123D8F783D06}.Debug|Any CPU.ActiveCfg = Debug|Any CPU
		{F3A27E7D-6850-41D2-BFEF-123D8F783D06}.Debug|Any CPU.Build.0 = Debug|Any CPU
		{F3A27E7D-6850-41D2-BFEF-123D8F783D06}.Release|Any CPU.ActiveCfg = Release|Any CPU
		{F3A27E7D-6850-41D2-BFEF-123D8F783D06}.Release|Any CPU.Build.0 = Release|Any CPU
		{1A36754D-DDF8-48D6-BA83-43CD5B03FF05}.Debug|Any CPU.ActiveCfg = Debug|Any CPU
		{1A36754D-DDF8-48D6-BA83-43CD5B03FF05}.Debug|Any CPU.Build.0 = Debug|Any CPU
		{1A36754D-DDF8-48D6-BA83-43CD5B03FF05}.Release|Any CPU.ActiveCfg = Release|Any CPU
		{1A36754D-DDF8-48D6-BA83-43CD5B03FF05}.Release|Any CPU.Build.0 = Release|Any CPU
		{276239F5-C7C8-408C-8908-19BAA41C038D}.Debug|Any CPU.ActiveCfg = Debug|Any CPU
		{276239F5-C7C8-408C-8908-19BAA41C038D}.Debug|Any CPU.Build.0 = Debug|Any CPU
		{276239F5-C7C8-408C-8908-19BAA41C038D}.Release|Any CPU.ActiveCfg = Release|Any CPU
		{276239F5-C7C8-408C-8908-19BAA41C038D}.Release|Any CPU.Build.0 = Release|Any CPU
		{B9AF3BFC-0DF9-46FD-B47F-954E9393CE49}.Debug|Any CPU.ActiveCfg = Debug|Any CPU
		{B9AF3BFC-0DF9-46FD-B47F-954E9393CE49}.Debug|Any CPU.Build.0 = Debug|Any CPU
		{B9AF3BFC-0DF9-46FD-B47F-954E9393CE49}.Release|Any CPU.ActiveCfg = Release|Any CPU
		{B9AF3BFC-0DF9-46FD-B47F-954E9393CE49}.Release|Any CPU.Build.0 = Release|Any CPU
		{BB6C142A-2320-47A1-8D8D-BABCAB153141}.Debug|Any CPU.ActiveCfg = Debug|Any CPU
		{BB6C142A-2320-47A1-8D8D-BABCAB153141}.Debug|Any CPU.Build.0 = Debug|Any CPU
		{BB6C142A-2320-47A1-8D8D-BABCAB153141}.Release|Any CPU.ActiveCfg = Release|Any CPU
		{BB6C142A-2320-47A1-8D8D-BABCAB153141}.Release|Any CPU.Build.0 = Release|Any CPU
		{848DF3C1-8C57-45A7-A3AB-32D5488D46CE}.Debug|Any CPU.ActiveCfg = Debug|Any CPU
		{848DF3C1-8C57-45A7-A3AB-32D5488D46CE}.Debug|Any CPU.Build.0 = Debug|Any CPU
		{848DF3C1-8C57-45A7-A3AB-32D5488D46CE}.Release|Any CPU.ActiveCfg = Release|Any CPU
		{848DF3C1-8C57-45A7-A3AB-32D5488D46CE}.Release|Any CPU.Build.0 = Release|Any CPU
		{EF8D8532-3277-4D66-BBB0-EDB4C39FD263}.Debug|Any CPU.ActiveCfg = Debug|Any CPU
		{EF8D8532-3277-4D66-BBB0-EDB4C39FD263}.Debug|Any CPU.Build.0 = Debug|Any CPU
		{EF8D8532-3277-4D66-BBB0-EDB4C39FD263}.Release|Any CPU.ActiveCfg = Release|Any CPU
		{EF8D8532-3277-4D66-BBB0-EDB4C39FD263}.Release|Any CPU.Build.0 = Release|Any CPU
		{C167511D-1A4E-4124-B297-9F39FAB38646}.Debug|Any CPU.ActiveCfg = Debug|Any CPU
		{C167511D-1A4E-4124-B297-9F39FAB38646}.Debug|Any CPU.Build.0 = Debug|Any CPU
		{C167511D-1A4E-4124-B297-9F39FAB38646}.Release|Any CPU.ActiveCfg = Release|Any CPU
		{C167511D-1A4E-4124-B297-9F39FAB38646}.Release|Any CPU.Build.0 = Release|Any CPU
		{C44B1C47-4BD0-47BC-8520-B2C74B139836}.Debug|Any CPU.ActiveCfg = Debug|Any CPU
		{C44B1C47-4BD0-47BC-8520-B2C74B139836}.Debug|Any CPU.Build.0 = Debug|Any CPU
		{C44B1C47-4BD0-47BC-8520-B2C74B139836}.Release|Any CPU.ActiveCfg = Release|Any CPU
		{C44B1C47-4BD0-47BC-8520-B2C74B139836}.Release|Any CPU.Build.0 = Release|Any CPU
		{75D3377D-6E8C-4574-B543-4762CC8E18B1}.Debug|Any CPU.ActiveCfg = Debug|Any CPU
		{75D3377D-6E8C-4574-B543-4762CC8E18B1}.Debug|Any CPU.Build.0 = Debug|Any CPU
		{75D3377D-6E8C-4574-B543-4762CC8E18B1}.Release|Any CPU.ActiveCfg = Release|Any CPU
		{75D3377D-6E8C-4574-B543-4762CC8E18B1}.Release|Any CPU.Build.0 = Release|Any CPU
		{2ECE101B-A160-49D5-A622-9B8549E29147}.Debug|Any CPU.ActiveCfg = Debug|Any CPU
		{2ECE101B-A160-49D5-A622-9B8549E29147}.Debug|Any CPU.Build.0 = Debug|Any CPU
		{2ECE101B-A160-49D5-A622-9B8549E29147}.Release|Any CPU.ActiveCfg = Release|Any CPU
		{2ECE101B-A160-49D5-A622-9B8549E29147}.Release|Any CPU.Build.0 = Release|Any CPU
		{B3B75037-4EAC-4753-8ADA-B42EBC8A3F69}.Debug|Any CPU.ActiveCfg = Debug|Any CPU
		{B3B75037-4EAC-4753-8ADA-B42EBC8A3F69}.Debug|Any CPU.Build.0 = Debug|Any CPU
		{B3B75037-4EAC-4753-8ADA-B42EBC8A3F69}.Release|Any CPU.ActiveCfg = Release|Any CPU
		{B3B75037-4EAC-4753-8ADA-B42EBC8A3F69}.Release|Any CPU.Build.0 = Release|Any CPU
		{B38E8987-755B-4218-8793-E852FB65AAD0}.Debug|Any CPU.ActiveCfg = Debug|Any CPU
		{B38E8987-755B-4218-8793-E852FB65AAD0}.Debug|Any CPU.Build.0 = Debug|Any CPU
		{B38E8987-755B-4218-8793-E852FB65AAD0}.Release|Any CPU.ActiveCfg = Release|Any CPU
		{B38E8987-755B-4218-8793-E852FB65AAD0}.Release|Any CPU.Build.0 = Release|Any CPU
		{176EBC1B-7B0F-41C4-826B-B70E255C53F8}.Debug|Any CPU.ActiveCfg = Debug|Any CPU
		{176EBC1B-7B0F-41C4-826B-B70E255C53F8}.Debug|Any CPU.Build.0 = Debug|Any CPU
		{176EBC1B-7B0F-41C4-826B-B70E255C53F8}.Release|Any CPU.ActiveCfg = Release|Any CPU
		{176EBC1B-7B0F-41C4-826B-B70E255C53F8}.Release|Any CPU.Build.0 = Release|Any CPU
		{250ADD77-8C05-4B52-B04F-6E7BF79B8323}.Debug|Any CPU.ActiveCfg = Debug|Any CPU
		{250ADD77-8C05-4B52-B04F-6E7BF79B8323}.Debug|Any CPU.Build.0 = Debug|Any CPU
		{250ADD77-8C05-4B52-B04F-6E7BF79B8323}.Release|Any CPU.ActiveCfg = Release|Any CPU
		{250ADD77-8C05-4B52-B04F-6E7BF79B8323}.Release|Any CPU.Build.0 = Release|Any CPU
		{5F25181E-251F-4463-BF99-9FFCF809CA5C}.Debug|Any CPU.ActiveCfg = Debug|Any CPU
		{5F25181E-251F-4463-BF99-9FFCF809CA5C}.Debug|Any CPU.Build.0 = Debug|Any CPU
		{5F25181E-251F-4463-BF99-9FFCF809CA5C}.Release|Any CPU.ActiveCfg = Release|Any CPU
		{5F25181E-251F-4463-BF99-9FFCF809CA5C}.Release|Any CPU.Build.0 = Release|Any CPU
		{7B60DF40-4698-4DD4-B158-76FD9D33E3A0}.Debug|Any CPU.ActiveCfg = Debug|Any CPU
		{7B60DF40-4698-4DD4-B158-76FD9D33E3A0}.Debug|Any CPU.Build.0 = Debug|Any CPU
		{7B60DF40-4698-4DD4-B158-76FD9D33E3A0}.Release|Any CPU.ActiveCfg = Release|Any CPU
		{7B60DF40-4698-4DD4-B158-76FD9D33E3A0}.Release|Any CPU.Build.0 = Release|Any CPU
		{D5C52124-24C5-4370-BD5A-D18EB9A4C5B7}.Debug|Any CPU.ActiveCfg = Debug|Any CPU
		{D5C52124-24C5-4370-BD5A-D18EB9A4C5B7}.Debug|Any CPU.Build.0 = Debug|Any CPU
		{D5C52124-24C5-4370-BD5A-D18EB9A4C5B7}.Release|Any CPU.ActiveCfg = Release|Any CPU
		{D5C52124-24C5-4370-BD5A-D18EB9A4C5B7}.Release|Any CPU.Build.0 = Release|Any CPU
		{7AF587A6-3C71-408C-9179-52D341658AE3}.Debug|Any CPU.ActiveCfg = Debug|Any CPU
		{7AF587A6-3C71-408C-9179-52D341658AE3}.Debug|Any CPU.Build.0 = Debug|Any CPU
		{7AF587A6-3C71-408C-9179-52D341658AE3}.Release|Any CPU.ActiveCfg = Release|Any CPU
		{7AF587A6-3C71-408C-9179-52D341658AE3}.Release|Any CPU.Build.0 = Release|Any CPU
		{858CF73A-7CE1-4BD3-85DA-96B8A6351406}.Debug|Any CPU.ActiveCfg = Debug|Any CPU
		{858CF73A-7CE1-4BD3-85DA-96B8A6351406}.Debug|Any CPU.Build.0 = Debug|Any CPU
		{858CF73A-7CE1-4BD3-85DA-96B8A6351406}.Release|Any CPU.ActiveCfg = Release|Any CPU
		{858CF73A-7CE1-4BD3-85DA-96B8A6351406}.Release|Any CPU.Build.0 = Release|Any CPU
		{4888B3E8-1B1E-4D05-AC52-D12645C87F61}.Debug|Any CPU.ActiveCfg = Debug|Any CPU
		{4888B3E8-1B1E-4D05-AC52-D12645C87F61}.Debug|Any CPU.Build.0 = Debug|Any CPU
		{4888B3E8-1B1E-4D05-AC52-D12645C87F61}.Release|Any CPU.ActiveCfg = Release|Any CPU
		{4888B3E8-1B1E-4D05-AC52-D12645C87F61}.Release|Any CPU.Build.0 = Release|Any CPU
		{49EF442C-36A1-4D8F-B159-84BE5E572155}.Debug|Any CPU.ActiveCfg = Debug|Any CPU
		{49EF442C-36A1-4D8F-B159-84BE5E572155}.Debug|Any CPU.Build.0 = Debug|Any CPU
		{49EF442C-36A1-4D8F-B159-84BE5E572155}.Release|Any CPU.ActiveCfg = Release|Any CPU
		{49EF442C-36A1-4D8F-B159-84BE5E572155}.Release|Any CPU.Build.0 = Release|Any CPU
		{C8050F25-B1F2-402D-B9F8-3B4FE828CB48}.Debug|Any CPU.ActiveCfg = Debug|Any CPU
		{C8050F25-B1F2-402D-B9F8-3B4FE828CB48}.Debug|Any CPU.Build.0 = Debug|Any CPU
		{C8050F25-B1F2-402D-B9F8-3B4FE828CB48}.Release|Any CPU.ActiveCfg = Release|Any CPU
		{C8050F25-B1F2-402D-B9F8-3B4FE828CB48}.Release|Any CPU.Build.0 = Release|Any CPU
		{45A1F470-07A7-4580-85C4-E70A7546A610}.Debug|Any CPU.ActiveCfg = Debug|Any CPU
		{45A1F470-07A7-4580-85C4-E70A7546A610}.Debug|Any CPU.Build.0 = Debug|Any CPU
		{45A1F470-07A7-4580-85C4-E70A7546A610}.Release|Any CPU.ActiveCfg = Release|Any CPU
		{45A1F470-07A7-4580-85C4-E70A7546A610}.Release|Any CPU.Build.0 = Release|Any CPU
		{FE0D485D-7C9A-4982-A794-8B83E6E40B4C}.Debug|Any CPU.ActiveCfg = Debug|Any CPU
		{FE0D485D-7C9A-4982-A794-8B83E6E40B4C}.Debug|Any CPU.Build.0 = Debug|Any CPU
		{FE0D485D-7C9A-4982-A794-8B83E6E40B4C}.Release|Any CPU.ActiveCfg = Release|Any CPU
		{FE0D485D-7C9A-4982-A794-8B83E6E40B4C}.Release|Any CPU.Build.0 = Release|Any CPU
		{8E787938-CAAD-4FE5-86A4-E3BEBBE7426C}.Debug|Any CPU.ActiveCfg = Debug|Any CPU
		{8E787938-CAAD-4FE5-86A4-E3BEBBE7426C}.Debug|Any CPU.Build.0 = Debug|Any CPU
		{8E787938-CAAD-4FE5-86A4-E3BEBBE7426C}.Release|Any CPU.ActiveCfg = Release|Any CPU
		{8E787938-CAAD-4FE5-86A4-E3BEBBE7426C}.Release|Any CPU.Build.0 = Release|Any CPU
		{4E4F171C-1D3E-4508-AD44-D99A62C2B18B}.Debug|Any CPU.ActiveCfg = Debug|Any CPU
		{4E4F171C-1D3E-4508-AD44-D99A62C2B18B}.Debug|Any CPU.Build.0 = Debug|Any CPU
		{4E4F171C-1D3E-4508-AD44-D99A62C2B18B}.Release|Any CPU.ActiveCfg = Release|Any CPU
		{4E4F171C-1D3E-4508-AD44-D99A62C2B18B}.Release|Any CPU.Build.0 = Release|Any CPU
		{F25352F8-C821-47D5-9951-81B4A1C1D2AA}.Debug|Any CPU.ActiveCfg = Debug|Any CPU
		{F25352F8-C821-47D5-9951-81B4A1C1D2AA}.Debug|Any CPU.Build.0 = Debug|Any CPU
		{F25352F8-C821-47D5-9951-81B4A1C1D2AA}.Release|Any CPU.ActiveCfg = Release|Any CPU
		{F25352F8-C821-47D5-9951-81B4A1C1D2AA}.Release|Any CPU.Build.0 = Release|Any CPU
		{CA36DA5B-148A-4FBA-AD7D-6445E38D07AD}.Debug|Any CPU.ActiveCfg = Debug|Any CPU
		{CA36DA5B-148A-4FBA-AD7D-6445E38D07AD}.Debug|Any CPU.Build.0 = Debug|Any CPU
		{CA36DA5B-148A-4FBA-AD7D-6445E38D07AD}.Release|Any CPU.ActiveCfg = Release|Any CPU
		{CA36DA5B-148A-4FBA-AD7D-6445E38D07AD}.Release|Any CPU.Build.0 = Release|Any CPU
		{A92F4378-1FF2-4AA8-9FDE-D03E331DBDC9}.Debug|Any CPU.ActiveCfg = Debug|Any CPU
		{A92F4378-1FF2-4AA8-9FDE-D03E331DBDC9}.Debug|Any CPU.Build.0 = Debug|Any CPU
		{A92F4378-1FF2-4AA8-9FDE-D03E331DBDC9}.Release|Any CPU.ActiveCfg = Release|Any CPU
		{A92F4378-1FF2-4AA8-9FDE-D03E331DBDC9}.Release|Any CPU.Build.0 = Release|Any CPU
		{3E77DC4B-4C5A-4CF7-8054-9FAC94A680DC}.Debug|Any CPU.ActiveCfg = Debug|Any CPU
		{3E77DC4B-4C5A-4CF7-8054-9FAC94A680DC}.Debug|Any CPU.Build.0 = Debug|Any CPU
		{3E77DC4B-4C5A-4CF7-8054-9FAC94A680DC}.Release|Any CPU.ActiveCfg = Release|Any CPU
		{3E77DC4B-4C5A-4CF7-8054-9FAC94A680DC}.Release|Any CPU.Build.0 = Release|Any CPU
		{81726FEF-DE1F-4EED-AA59-B8278B3DE004}.Debug|Any CPU.ActiveCfg = Debug|Any CPU
		{81726FEF-DE1F-4EED-AA59-B8278B3DE004}.Debug|Any CPU.Build.0 = Debug|Any CPU
		{81726FEF-DE1F-4EED-AA59-B8278B3DE004}.Release|Any CPU.ActiveCfg = Release|Any CPU
		{81726FEF-DE1F-4EED-AA59-B8278B3DE004}.Release|Any CPU.Build.0 = Release|Any CPU
		{F9988102-A8C7-40A7-9629-77BA1A0BDCC5}.Debug|Any CPU.ActiveCfg = Debug|Any CPU
		{F9988102-A8C7-40A7-9629-77BA1A0BDCC5}.Debug|Any CPU.Build.0 = Debug|Any CPU
		{F9988102-A8C7-40A7-9629-77BA1A0BDCC5}.Release|Any CPU.ActiveCfg = Release|Any CPU
		{F9988102-A8C7-40A7-9629-77BA1A0BDCC5}.Release|Any CPU.Build.0 = Release|Any CPU
		{F752AD7F-0023-40D6-9AD3-A0214060D3CF}.Debug|Any CPU.ActiveCfg = Debug|Any CPU
		{F752AD7F-0023-40D6-9AD3-A0214060D3CF}.Debug|Any CPU.Build.0 = Debug|Any CPU
		{F752AD7F-0023-40D6-9AD3-A0214060D3CF}.Release|Any CPU.ActiveCfg = Release|Any CPU
		{F752AD7F-0023-40D6-9AD3-A0214060D3CF}.Release|Any CPU.Build.0 = Release|Any CPU
		{CB5DE7D4-8BB1-4C53-85E9-510AF61AF298}.Debug|Any CPU.ActiveCfg = Debug|Any CPU
		{CB5DE7D4-8BB1-4C53-85E9-510AF61AF298}.Debug|Any CPU.Build.0 = Debug|Any CPU
		{CB5DE7D4-8BB1-4C53-85E9-510AF61AF298}.Release|Any CPU.ActiveCfg = Release|Any CPU
		{CB5DE7D4-8BB1-4C53-85E9-510AF61AF298}.Release|Any CPU.Build.0 = Release|Any CPU
		{B5584669-3F4E-4FC8-9532-8D11F067ED9D}.Debug|Any CPU.ActiveCfg = Debug|Any CPU
		{B5584669-3F4E-4FC8-9532-8D11F067ED9D}.Debug|Any CPU.Build.0 = Debug|Any CPU
		{B5584669-3F4E-4FC8-9532-8D11F067ED9D}.Release|Any CPU.ActiveCfg = Release|Any CPU
		{B5584669-3F4E-4FC8-9532-8D11F067ED9D}.Release|Any CPU.Build.0 = Release|Any CPU
		{03317B42-F0C8-4BBB-91C0-725806301F42}.Debug|Any CPU.ActiveCfg = Debug|Any CPU
		{03317B42-F0C8-4BBB-91C0-725806301F42}.Debug|Any CPU.Build.0 = Debug|Any CPU
		{03317B42-F0C8-4BBB-91C0-725806301F42}.Release|Any CPU.ActiveCfg = Release|Any CPU
		{03317B42-F0C8-4BBB-91C0-725806301F42}.Release|Any CPU.Build.0 = Release|Any CPU
		{DF2A6A96-1CD8-4962-82EB-784C842B22CB}.Debug|Any CPU.ActiveCfg = Debug|Any CPU
		{DF2A6A96-1CD8-4962-82EB-784C842B22CB}.Debug|Any CPU.Build.0 = Debug|Any CPU
		{DF2A6A96-1CD8-4962-82EB-784C842B22CB}.Release|Any CPU.ActiveCfg = Release|Any CPU
		{DF2A6A96-1CD8-4962-82EB-784C842B22CB}.Release|Any CPU.Build.0 = Release|Any CPU
		{1C32F038-EF6B-493E-8F84-1D741E55DA83}.Debug|Any CPU.ActiveCfg = Debug|Any CPU
		{1C32F038-EF6B-493E-8F84-1D741E55DA83}.Debug|Any CPU.Build.0 = Debug|Any CPU
		{1C32F038-EF6B-493E-8F84-1D741E55DA83}.Release|Any CPU.ActiveCfg = Release|Any CPU
		{1C32F038-EF6B-493E-8F84-1D741E55DA83}.Release|Any CPU.Build.0 = Release|Any CPU
		{F419FE22-4E42-406A-BC44-692CDA516262}.Debug|Any CPU.ActiveCfg = Debug|Any CPU
		{F419FE22-4E42-406A-BC44-692CDA516262}.Debug|Any CPU.Build.0 = Debug|Any CPU
		{F419FE22-4E42-406A-BC44-692CDA516262}.Release|Any CPU.ActiveCfg = Release|Any CPU
		{F419FE22-4E42-406A-BC44-692CDA516262}.Release|Any CPU.Build.0 = Release|Any CPU
		{70DECB22-6877-4482-91D3-8DEE6FB66457}.Debug|Any CPU.ActiveCfg = Debug|Any CPU
		{70DECB22-6877-4482-91D3-8DEE6FB66457}.Debug|Any CPU.Build.0 = Debug|Any CPU
		{70DECB22-6877-4482-91D3-8DEE6FB66457}.Release|Any CPU.ActiveCfg = Release|Any CPU
		{70DECB22-6877-4482-91D3-8DEE6FB66457}.Release|Any CPU.Build.0 = Release|Any CPU
		{331D35FB-61EC-40DA-8DAD-BFC051353222}.Debug|Any CPU.ActiveCfg = Debug|Any CPU
		{331D35FB-61EC-40DA-8DAD-BFC051353222}.Debug|Any CPU.Build.0 = Debug|Any CPU
		{331D35FB-61EC-40DA-8DAD-BFC051353222}.Release|Any CPU.ActiveCfg = Release|Any CPU
		{331D35FB-61EC-40DA-8DAD-BFC051353222}.Release|Any CPU.Build.0 = Release|Any CPU
		{1F593CCD-2C16-4B31-ADF0-6497210FB076}.Debug|Any CPU.ActiveCfg = Debug|Any CPU
		{1F593CCD-2C16-4B31-ADF0-6497210FB076}.Debug|Any CPU.Build.0 = Debug|Any CPU
		{1F593CCD-2C16-4B31-ADF0-6497210FB076}.Release|Any CPU.ActiveCfg = Release|Any CPU
		{1F593CCD-2C16-4B31-ADF0-6497210FB076}.Release|Any CPU.Build.0 = Release|Any CPU
		{3288134E-DBEF-4767-88F7-BD5CC045183E}.Debug|Any CPU.ActiveCfg = Debug|Any CPU
		{3288134E-DBEF-4767-88F7-BD5CC045183E}.Debug|Any CPU.Build.0 = Debug|Any CPU
		{3288134E-DBEF-4767-88F7-BD5CC045183E}.Release|Any CPU.ActiveCfg = Release|Any CPU
		{3288134E-DBEF-4767-88F7-BD5CC045183E}.Release|Any CPU.Build.0 = Release|Any CPU
		{77D716D0-AEEF-48AA-8A4B-218D294BBBCF}.Debug|Any CPU.ActiveCfg = Debug|Any CPU
		{77D716D0-AEEF-48AA-8A4B-218D294BBBCF}.Debug|Any CPU.Build.0 = Debug|Any CPU
		{77D716D0-AEEF-48AA-8A4B-218D294BBBCF}.Release|Any CPU.ActiveCfg = Release|Any CPU
		{77D716D0-AEEF-48AA-8A4B-218D294BBBCF}.Release|Any CPU.Build.0 = Release|Any CPU
		{54631D21-A04E-44CB-96A3-4D82174E1791}.Debug|Any CPU.ActiveCfg = Debug|Any CPU
		{54631D21-A04E-44CB-96A3-4D82174E1791}.Debug|Any CPU.Build.0 = Debug|Any CPU
		{54631D21-A04E-44CB-96A3-4D82174E1791}.Release|Any CPU.ActiveCfg = Release|Any CPU
		{54631D21-A04E-44CB-96A3-4D82174E1791}.Release|Any CPU.Build.0 = Release|Any CPU
		{940DA1E3-53B0-47A5-B8BB-887CD0D1700E}.Debug|Any CPU.ActiveCfg = Debug|Any CPU
		{940DA1E3-53B0-47A5-B8BB-887CD0D1700E}.Debug|Any CPU.Build.0 = Debug|Any CPU
		{940DA1E3-53B0-47A5-B8BB-887CD0D1700E}.Release|Any CPU.ActiveCfg = Release|Any CPU
		{940DA1E3-53B0-47A5-B8BB-887CD0D1700E}.Release|Any CPU.Build.0 = Release|Any CPU
		{BF4C0D32-CE62-48CC-BCB5-6814B763A0AE}.Debug|Any CPU.ActiveCfg = Debug|Any CPU
		{BF4C0D32-CE62-48CC-BCB5-6814B763A0AE}.Debug|Any CPU.Build.0 = Debug|Any CPU
		{BF4C0D32-CE62-48CC-BCB5-6814B763A0AE}.Release|Any CPU.ActiveCfg = Release|Any CPU
		{BF4C0D32-CE62-48CC-BCB5-6814B763A0AE}.Release|Any CPU.Build.0 = Release|Any CPU
		{6051C00D-4BAF-491F-B93D-C0784CB14D2E}.Debug|Any CPU.ActiveCfg = Debug|Any CPU
		{6051C00D-4BAF-491F-B93D-C0784CB14D2E}.Debug|Any CPU.Build.0 = Debug|Any CPU
		{6051C00D-4BAF-491F-B93D-C0784CB14D2E}.Release|Any CPU.ActiveCfg = Release|Any CPU
		{6051C00D-4BAF-491F-B93D-C0784CB14D2E}.Release|Any CPU.Build.0 = Release|Any CPU
		{661D738D-C266-4F61-BE2C-934B1950A32B}.Debug|Any CPU.ActiveCfg = Debug|Any CPU
		{661D738D-C266-4F61-BE2C-934B1950A32B}.Debug|Any CPU.Build.0 = Debug|Any CPU
		{661D738D-C266-4F61-BE2C-934B1950A32B}.Release|Any CPU.ActiveCfg = Release|Any CPU
		{661D738D-C266-4F61-BE2C-934B1950A32B}.Release|Any CPU.Build.0 = Release|Any CPU
		{A50A05BD-C174-4294-AC56-FF680C762EEF}.Debug|Any CPU.ActiveCfg = Debug|Any CPU
		{A50A05BD-C174-4294-AC56-FF680C762EEF}.Debug|Any CPU.Build.0 = Debug|Any CPU
		{A50A05BD-C174-4294-AC56-FF680C762EEF}.Release|Any CPU.ActiveCfg = Release|Any CPU
		{A50A05BD-C174-4294-AC56-FF680C762EEF}.Release|Any CPU.Build.0 = Release|Any CPU
		{5C66CD0A-4F30-4DE8-B12B-E59EA3674426}.Debug|Any CPU.ActiveCfg = Debug|Any CPU
		{5C66CD0A-4F30-4DE8-B12B-E59EA3674426}.Debug|Any CPU.Build.0 = Debug|Any CPU
		{5C66CD0A-4F30-4DE8-B12B-E59EA3674426}.Release|Any CPU.ActiveCfg = Release|Any CPU
		{5C66CD0A-4F30-4DE8-B12B-E59EA3674426}.Release|Any CPU.Build.0 = Release|Any CPU
		{65FB7DEF-3576-4435-B67D-119172625CDB}.Debug|Any CPU.ActiveCfg = Debug|Any CPU
		{65FB7DEF-3576-4435-B67D-119172625CDB}.Debug|Any CPU.Build.0 = Debug|Any CPU
		{65FB7DEF-3576-4435-B67D-119172625CDB}.Release|Any CPU.ActiveCfg = Release|Any CPU
		{65FB7DEF-3576-4435-B67D-119172625CDB}.Release|Any CPU.Build.0 = Release|Any CPU
	EndGlobalSection
	GlobalSection(SolutionProperties) = preSolution
		HideSolutionNode = FALSE
	EndGlobalSection
	GlobalSection(NestedProjects) = preSolution
		{9DDF63E7-1CCB-4841-8671-17A1E57804CD} = {74529F18-7BB9-4EE1-B98E-F61B4BB98BCC}
		{82829547-30F2-49C2-9A98-65A1C6B3DC50} = {74529F18-7BB9-4EE1-B98E-F61B4BB98BCC}
		{76B85BE9-0D7B-48EA-906F-639A7667A436} = {74529F18-7BB9-4EE1-B98E-F61B4BB98BCC}
		{C73C789D-85CB-4E02-8E93-90A5CC8E3060} = {74529F18-7BB9-4EE1-B98E-F61B4BB98BCC}
		{0D3A6D73-8AA3-437D-85A9-29BBEDAE1F89} = {74529F18-7BB9-4EE1-B98E-F61B4BB98BCC}
		{0951FD20-3321-4D1C-A26D-FEEBB8A0E9A5} = {74529F18-7BB9-4EE1-B98E-F61B4BB98BCC}
		{A560EE62-C536-428D-B637-98E37D478E76} = {74529F18-7BB9-4EE1-B98E-F61B4BB98BCC}
		{FB6E7D1C-CBAB-409C-9D06-3284A805CF16} = {74529F18-7BB9-4EE1-B98E-F61B4BB98BCC}
		{97E21C3B-65B1-475B-A423-45D5AE1B8F10} = {74529F18-7BB9-4EE1-B98E-F61B4BB98BCC}
		{F58E28D4-15CC-453C-8509-D85C301EB6D1} = {74529F18-7BB9-4EE1-B98E-F61B4BB98BCC}
		{7C7E2898-24EC-430C-824D-09D9BF9A8864} = {74529F18-7BB9-4EE1-B98E-F61B4BB98BCC}
		{372C0631-3DB0-44CD-B091-02B3CB157716} = {74529F18-7BB9-4EE1-B98E-F61B4BB98BCC}
		{7E6B8B62-AD2B-47CD-B00A-1AF9FEC31744} = {74529F18-7BB9-4EE1-B98E-F61B4BB98BCC}
		{24585515-005C-49A5-BEDE-DEF149CAC857} = {74529F18-7BB9-4EE1-B98E-F61B4BB98BCC}
		{EE74A124-E847-46EC-BFD6-171442293AC1} = {74529F18-7BB9-4EE1-B98E-F61B4BB98BCC}
		{1EFC5539-8CED-425D-A59D-F921302673E9} = {74529F18-7BB9-4EE1-B98E-F61B4BB98BCC}
		{6C1ABA36-EE6A-4D76-BC31-B074D18ABE7E} = {74529F18-7BB9-4EE1-B98E-F61B4BB98BCC}
		{E99C7353-9EF2-4EA7-AD36-A6FBE4800EE4} = {74529F18-7BB9-4EE1-B98E-F61B4BB98BCC}
		{ECE42389-F49E-4461-901A-E19B01FD8B0E} = {E27DB902-C242-47BB-A67A-04B1AB58FB9C}
		{AB95008A-CD99-4721-8348-6A7312C186BE} = {ECE42389-F49E-4461-901A-E19B01FD8B0E}
		{884ACBF0-D8D2-447C-B667-16BB71C1DE98} = {ECE42389-F49E-4461-901A-E19B01FD8B0E}
		{6E00378E-F1BF-43B7-A192-FC224D5BDCFE} = {ECE42389-F49E-4461-901A-E19B01FD8B0E}
		{AF4C0C96-760E-4AD6-8F1A-598CC0C6AAE2} = {ECE42389-F49E-4461-901A-E19B01FD8B0E}
		{22541E03-70A3-4CEF-80F5-6D7FDE9D9671} = {ECE42389-F49E-4461-901A-E19B01FD8B0E}
		{400E7348-1966-4956-824D-8603A25C4E19} = {E27DB902-C242-47BB-A67A-04B1AB58FB9C}
		{EF8A8AFB-C05F-495F-970D-E10C0C245E15} = {400E7348-1966-4956-824D-8603A25C4E19}
		{60E9F81A-1901-4FEF-B15E-19FDAF0031EF} = {400E7348-1966-4956-824D-8603A25C4E19}
		{E7940EA0-7F16-463F-B144-9552227F6CCC} = {400E7348-1966-4956-824D-8603A25C4E19}
		{10A245D7-6B82-4614-8B2B-58255958968E} = {400E7348-1966-4956-824D-8603A25C4E19}
		{F3A27E7D-6850-41D2-BFEF-123D8F783D06} = {400E7348-1966-4956-824D-8603A25C4E19}
		{1A36754D-DDF8-48D6-BA83-43CD5B03FF05} = {400E7348-1966-4956-824D-8603A25C4E19}
		{276239F5-C7C8-408C-8908-19BAA41C038D} = {400E7348-1966-4956-824D-8603A25C4E19}
		{B9AF3BFC-0DF9-46FD-B47F-954E9393CE49} = {400E7348-1966-4956-824D-8603A25C4E19}
		{BB6C142A-2320-47A1-8D8D-BABCAB153141} = {400E7348-1966-4956-824D-8603A25C4E19}
		{848DF3C1-8C57-45A7-A3AB-32D5488D46CE} = {400E7348-1966-4956-824D-8603A25C4E19}
		{C1137E03-D18B-4C98-9EAE-0701F7A4B36C} = {E27DB902-C242-47BB-A67A-04B1AB58FB9C}
		{EF8D8532-3277-4D66-BBB0-EDB4C39FD263} = {C1137E03-D18B-4C98-9EAE-0701F7A4B36C}
		{C167511D-1A4E-4124-B297-9F39FAB38646} = {C1137E03-D18B-4C98-9EAE-0701F7A4B36C}
		{C44B1C47-4BD0-47BC-8520-B2C74B139836} = {C1137E03-D18B-4C98-9EAE-0701F7A4B36C}
		{75D3377D-6E8C-4574-B543-4762CC8E18B1} = {C1137E03-D18B-4C98-9EAE-0701F7A4B36C}
		{2ECE101B-A160-49D5-A622-9B8549E29147} = {C1137E03-D18B-4C98-9EAE-0701F7A4B36C}
		{B3B75037-4EAC-4753-8ADA-B42EBC8A3F69} = {C1137E03-D18B-4C98-9EAE-0701F7A4B36C}
		{B38E8987-755B-4218-8793-E852FB65AAD0} = {C1137E03-D18B-4C98-9EAE-0701F7A4B36C}
		{176EBC1B-7B0F-41C4-826B-B70E255C53F8} = {C1137E03-D18B-4C98-9EAE-0701F7A4B36C}
		{250ADD77-8C05-4B52-B04F-6E7BF79B8323} = {C1137E03-D18B-4C98-9EAE-0701F7A4B36C}
		{5F25181E-251F-4463-BF99-9FFCF809CA5C} = {C1137E03-D18B-4C98-9EAE-0701F7A4B36C}
		{74B65AA0-6596-4FAD-B449-C75272A97CE2} = {E27DB902-C242-47BB-A67A-04B1AB58FB9C}
		{7B60DF40-4698-4DD4-B158-76FD9D33E3A0} = {74B65AA0-6596-4FAD-B449-C75272A97CE2}
		{D5C52124-24C5-4370-BD5A-D18EB9A4C5B7} = {74B65AA0-6596-4FAD-B449-C75272A97CE2}
		{7AF587A6-3C71-408C-9179-52D341658AE3} = {74B65AA0-6596-4FAD-B449-C75272A97CE2}
		{858CF73A-7CE1-4BD3-85DA-96B8A6351406} = {74B65AA0-6596-4FAD-B449-C75272A97CE2}
		{4888B3E8-1B1E-4D05-AC52-D12645C87F61} = {74B65AA0-6596-4FAD-B449-C75272A97CE2}
		{49EF442C-36A1-4D8F-B159-84BE5E572155} = {74B65AA0-6596-4FAD-B449-C75272A97CE2}
		{C8050F25-B1F2-402D-B9F8-3B4FE828CB48} = {74B65AA0-6596-4FAD-B449-C75272A97CE2}
		{45A1F470-07A7-4580-85C4-E70A7546A610} = {74B65AA0-6596-4FAD-B449-C75272A97CE2}
		{FE0D485D-7C9A-4982-A794-8B83E6E40B4C} = {74B65AA0-6596-4FAD-B449-C75272A97CE2}
		{8E787938-CAAD-4FE5-86A4-E3BEBBE7426C} = {74B65AA0-6596-4FAD-B449-C75272A97CE2}
		{21C97E64-0B87-4D19-9EF2-EAEBA91AB748} = {E27DB902-C242-47BB-A67A-04B1AB58FB9C}
		{4E4F171C-1D3E-4508-AD44-D99A62C2B18B} = {21C97E64-0B87-4D19-9EF2-EAEBA91AB748}
		{F25352F8-C821-47D5-9951-81B4A1C1D2AA} = {21C97E64-0B87-4D19-9EF2-EAEBA91AB748}
		{CA36DA5B-148A-4FBA-AD7D-6445E38D07AD} = {21C97E64-0B87-4D19-9EF2-EAEBA91AB748}
		{A92F4378-1FF2-4AA8-9FDE-D03E331DBDC9} = {21C97E64-0B87-4D19-9EF2-EAEBA91AB748}
		{3E77DC4B-4C5A-4CF7-8054-9FAC94A680DC} = {21C97E64-0B87-4D19-9EF2-EAEBA91AB748}
		{81726FEF-DE1F-4EED-AA59-B8278B3DE004} = {21C97E64-0B87-4D19-9EF2-EAEBA91AB748}
		{F9988102-A8C7-40A7-9629-77BA1A0BDCC5} = {21C97E64-0B87-4D19-9EF2-EAEBA91AB748}
		{F752AD7F-0023-40D6-9AD3-A0214060D3CF} = {21C97E64-0B87-4D19-9EF2-EAEBA91AB748}
		{CB5DE7D4-8BB1-4C53-85E9-510AF61AF298} = {21C97E64-0B87-4D19-9EF2-EAEBA91AB748}
		{7AB4AA89-2DC2-464E-A9EA-98E2204FA374} = {E27DB902-C242-47BB-A67A-04B1AB58FB9C}
		{B5584669-3F4E-4FC8-9532-8D11F067ED9D} = {7AB4AA89-2DC2-464E-A9EA-98E2204FA374}
		{03317B42-F0C8-4BBB-91C0-725806301F42} = {7AB4AA89-2DC2-464E-A9EA-98E2204FA374}
		{DF2A6A96-1CD8-4962-82EB-784C842B22CB} = {7AB4AA89-2DC2-464E-A9EA-98E2204FA374}
		{1C32F038-EF6B-493E-8F84-1D741E55DA83} = {7AB4AA89-2DC2-464E-A9EA-98E2204FA374}
		{F419FE22-4E42-406A-BC44-692CDA516262} = {7AB4AA89-2DC2-464E-A9EA-98E2204FA374}
		{70DECB22-6877-4482-91D3-8DEE6FB66457} = {7AB4AA89-2DC2-464E-A9EA-98E2204FA374}
		{331D35FB-61EC-40DA-8DAD-BFC051353222} = {7AB4AA89-2DC2-464E-A9EA-98E2204FA374}
		{1F593CCD-2C16-4B31-ADF0-6497210FB076} = {7AB4AA89-2DC2-464E-A9EA-98E2204FA374}
		{A43F7CCD-F481-482D-8CE4-3BE2F81FF3EE} = {E27DB902-C242-47BB-A67A-04B1AB58FB9C}
		{3288134E-DBEF-4767-88F7-BD5CC045183E} = {A43F7CCD-F481-482D-8CE4-3BE2F81FF3EE}
		{77D716D0-AEEF-48AA-8A4B-218D294BBBCF} = {A43F7CCD-F481-482D-8CE4-3BE2F81FF3EE}
		{54631D21-A04E-44CB-96A3-4D82174E1791} = {A43F7CCD-F481-482D-8CE4-3BE2F81FF3EE}
		{940DA1E3-53B0-47A5-B8BB-887CD0D1700E} = {A43F7CCD-F481-482D-8CE4-3BE2F81FF3EE}
		{BF4C0D32-CE62-48CC-BCB5-6814B763A0AE} = {A43F7CCD-F481-482D-8CE4-3BE2F81FF3EE}
		{6051C00D-4BAF-491F-B93D-C0784CB14D2E} = {A43F7CCD-F481-482D-8CE4-3BE2F81FF3EE}
		{661D738D-C266-4F61-BE2C-934B1950A32B} = {A43F7CCD-F481-482D-8CE4-3BE2F81FF3EE}
		{A50A05BD-C174-4294-AC56-FF680C762EEF} = {A43F7CCD-F481-482D-8CE4-3BE2F81FF3EE}
		{5C66CD0A-4F30-4DE8-B12B-E59EA3674426} = {A43F7CCD-F481-482D-8CE4-3BE2F81FF3EE}
		{65FB7DEF-3576-4435-B67D-119172625CDB} = {A43F7CCD-F481-482D-8CE4-3BE2F81FF3EE}
	EndGlobalSection
	GlobalSection(ExtensibilityGlobals) = postSolution
		SolutionGuid = {CDACBAF9-D17E-467D-A019-EA22E1AC1883}
	EndGlobalSection
EndGlobal
