
Microsoft Visual Studio Solution File, Format Version 12.00
# Visual Studio Version 17
VisualStudioVersion = 17.5.002.0
MinimumVisualStudioVersion = 10.0.40219.1
Project("{9A19103F-16F7-4668-BE54-9A1E7A4F7556}") = "BlogApp", "BlogApp.csproj", "{0CFAC7F9-988E-42DC-B50E-9A96F1279B24}"
EndProject
Global
	GlobalSection(SolutionConfigurationPlatforms) = preSolution
		Debug|Any CPU = Debug|Any CPU
		Release|Any CPU = Release|Any CPU
	EndGlobalSection
	GlobalSection(ProjectConfigurationPlatforms) = postSolution
		{0CFAC7F9-988E-42DC-B50E-9A96F1279B24}.Debug|Any CPU.ActiveCfg = Debug|Any CPU
		{0CFAC7F9-988E-42DC-B50E-9A96F1279B24}.Debug|Any CPU.Build.0 = Debug|Any CPU
		{0CFAC7F9-988E-42DC-B50E-9A96F1279B24}.Release|Any CPU.ActiveCfg = Release|Any CPU
		{0CFAC7F9-988E-42DC-B50E-9A96F1279B24}.Release|Any CPU.Build.0 = Release|Any CPU
	EndGlobalSection
	GlobalSection(SolutionProperties) = preSolution
		HideSolutionNode = FALSE
	EndGlobalSection
	GlobalSection(ExtensibilityGlobals) = postSolution
		SolutionGuid = {C255ECBD-7678-449F-B135-D4E2A9F4A820}
	EndGlobalSection
EndGlobal
