
Microsoft Visual Studio Solution File, Format Version 12.00
# Visual Studio Version 17
VisualStudioVersion = 17.5.002.0
MinimumVisualStudioVersion = 10.0.40219.1
Project("{2150E333-8FDC-42A3-9474-1A3956D46DE8}") = "01_string_methods", "01_string_methods", "{3889BF62-AF97-4984-82DA-10DFD2814009}"
EndProject
Project("{9A19103F-16F7-4668-BE54-9A1E7A4F7556}") = "Soru1", "01_string_methods\Soru1\Soru1.csproj", "{D7DBABFF-0874-46EF-AF63-4B1FAA994B66}"
EndProject
Project("{9A19103F-16F7-4668-BE54-9A1E7A4F7556}") = "Soru2", "01_string_methods\Soru2\Soru2.csproj", "{AA336A09-516E-4A05-935A-2886BDB42741}"
EndProject
Project("{9A19103F-16F7-4668-BE54-9A1E7A4F7556}") = "Soru3", "01_string_methods\Soru3\Soru3.csproj", "{65ABE311-C2E0-48AC-9C7D-37D8CDF042EF}"
EndProject
Project("{9A19103F-16F7-4668-BE54-9A1E7A4F7556}") = "Soru4", "01_string_methods\Soru4\Soru4.csproj", "{C8196D10-9D2F-47A3-BAA8-7A8112453A09}"
EndProject
Project("{9A19103F-16F7-4668-BE54-9A1E7A4F7556}") = "Soru5", "01_string_methods\Soru5\Soru5.csproj", "{D4808909-4F3B-475D-AE23-9CAAC24A7252}"
EndProject
Project("{2150E333-8FDC-42A3-9474-1A3956D46DE8}") = "02_number_methods", "02_number_methods", "{15F55074-DEEF-4690-B176-E0059E194388}"
EndProject
Project("{9A19103F-16F7-4668-BE54-9A1E7A4F7556}") = "Soru1", "02_number_methods\Soru1\Soru1.csproj", "{E03B4B9C-3583-4360-BF54-80E1B2A463F7}"
EndProject
Project("{9A19103F-16F7-4668-BE54-9A1E7A4F7556}") = "Soru10", "02_number_methods\Soru10\Soru10.csproj", "{13DF9D28-9A38-45A8-8DA7-7C08F5B99F10}"
EndProject
Project("{9A19103F-16F7-4668-BE54-9A1E7A4F7556}") = "Soru2", "02_number_methods\Soru2\Soru2.csproj", "{39B2BB86-8CD8-4A92-894F-511D64D9AADB}"
EndProject
Project("{9A19103F-16F7-4668-BE54-9A1E7A4F7556}") = "Soru3", "02_number_methods\Soru3\Soru3.csproj", "{6AB1AB46-4B6E-4F26-8A34-F2113D47293A}"
EndProject
Project("{9A19103F-16F7-4668-BE54-9A1E7A4F7556}") = "Soru4", "02_number_methods\Soru4\Soru4.csproj", "{B59076EB-F6B5-40AC-B232-BDB4B858054C}"
EndProject
Project("{9A19103F-16F7-4668-BE54-9A1E7A4F7556}") = "Soru5", "02_number_methods\Soru5\Soru5.csproj", "{5C0F110C-9510-4D56-B023-BAE7D6076CCF}"
EndProject
Project("{9A19103F-16F7-4668-BE54-9A1E7A4F7556}") = "Soru6", "02_number_methods\Soru6\Soru6.csproj", "{84B8369F-AC71-4C11-892B-A3EBD4D6A387}"
EndProject
Project("{9A19103F-16F7-4668-BE54-9A1E7A4F7556}") = "Soru7", "02_number_methods\Soru7\Soru7.csproj", "{0040CCB6-6F18-498C-84A3-DDDFE869EAD1}"
EndProject
Project("{9A19103F-16F7-4668-BE54-9A1E7A4F7556}") = "Soru8", "02_number_methods\Soru8\Soru8.csproj", "{0C4A327A-F60D-4914-8495-C7CD1A3E1AC8}"
EndProject
Project("{9A19103F-16F7-4668-BE54-9A1E7A4F7556}") = "Soru9", "02_number_methods\Soru9\Soru9.csproj", "{8947568B-EBDA-4FE1-AC06-598529BA77E1}"
EndProject
Project("{2150E333-8FDC-42A3-9474-1A3956D46DE8}") = "03_datetime-methods", "03_datetime-methods", "{108F8F95-23FA-45F9-B138-DFFA8A680E2E}"
EndProject
Project("{9A19103F-16F7-4668-BE54-9A1E7A4F7556}") = "Soru1", "03_datetime-methods\Soru1\Soru1.csproj", "{7FA91821-C4FA-4F24-B1F9-8903F8635701}"
EndProject
Project("{9A19103F-16F7-4668-BE54-9A1E7A4F7556}") = "Soru10", "03_datetime-methods\Soru10\Soru10.csproj", "{35DF9027-C425-46EA-8C39-AB878C19B52B}"
EndProject
Project("{9A19103F-16F7-4668-BE54-9A1E7A4F7556}") = "Soru2", "03_datetime-methods\Soru2\Soru2.csproj", "{B2B889CB-8785-4C64-9EE5-0F47CCD3FBDF}"
EndProject
Project("{9A19103F-16F7-4668-BE54-9A1E7A4F7556}") = "Soru3", "03_datetime-methods\Soru3\Soru3.csproj", "{A1CBA3CA-77F1-4222-A550-61114C6718CF}"
EndProject
Project("{9A19103F-16F7-4668-BE54-9A1E7A4F7556}") = "Soru4", "03_datetime-methods\Soru4\Soru4.csproj", "{3B465796-6065-4FEF-827A-266455953446}"
EndProject
Project("{9A19103F-16F7-4668-BE54-9A1E7A4F7556}") = "Soru5", "03_datetime-methods\Soru5\Soru5.csproj", "{EFDE1AF2-4091-4187-9910-39C2F32E1E38}"
EndProject
Project("{9A19103F-16F7-4668-BE54-9A1E7A4F7556}") = "Soru6", "03_datetime-methods\Soru6\Soru6.csproj", "{CC75653D-B97D-4F40-BB4F-949D39B3C379}"
EndProject
Project("{9A19103F-16F7-4668-BE54-9A1E7A4F7556}") = "Soru7", "03_datetime-methods\Soru7\Soru7.csproj", "{A865D16A-3317-4895-B646-B82F67DAD117}"
EndProject
Project("{9A19103F-16F7-4668-BE54-9A1E7A4F7556}") = "Soru8", "03_datetime-methods\Soru8\Soru8.csproj", "{7BC73900-67F3-489F-873D-F0B804B1C66B}"
EndProject
Project("{9A19103F-16F7-4668-BE54-9A1E7A4F7556}") = "Soru9", "03_datetime-methods\Soru9\Soru9.csproj", "{EF3D2DC6-4421-4516-976B-C5CF0B786E6A}"
EndProject
Project("{2150E333-8FDC-42A3-9474-1A3956D46DE8}") = "04_if_else", "04_if_else", "{A51D9051-D378-4505-B863-9A582DD7C0F5}"
EndProject
Project("{9A19103F-16F7-4668-BE54-9A1E7A4F7556}") = "Soru1", "04_if_else\Soru1\Soru1.csproj", "{AFD6FB11-0B25-4C21-B114-F4813AEFD8CC}"
EndProject
Project("{9A19103F-16F7-4668-BE54-9A1E7A4F7556}") = "Soru10", "04_if_else\Soru10\Soru10.csproj", "{0B6AF586-E4EF-4654-ACC6-B167D9C0B9E7}"
EndProject
Project("{9A19103F-16F7-4668-BE54-9A1E7A4F7556}") = "Soru2", "04_if_else\Soru2\Soru2.csproj", "{3343D4EF-5C9D-42CE-B824-8310D11420B4}"
EndProject
Project("{9A19103F-16F7-4668-BE54-9A1E7A4F7556}") = "Soru3", "04_if_else\Soru3\Soru3.csproj", "{2B69FC3B-8B60-42AA-A2BC-97C0C675D59A}"
EndProject
Project("{9A19103F-16F7-4668-BE54-9A1E7A4F7556}") = "Soru4", "04_if_else\Soru4\Soru4.csproj", "{8DB2EC6C-5C07-4A6F-B97E-11F062C641C1}"
EndProject
Project("{9A19103F-16F7-4668-BE54-9A1E7A4F7556}") = "Soru5", "04_if_else\Soru5\Soru5.csproj", "{EBC39D43-028D-4BE2-AAF7-CAE16BB16B5A}"
EndProject
Project("{9A19103F-16F7-4668-BE54-9A1E7A4F7556}") = "Soru6", "04_if_else\Soru6\Soru6.csproj", "{7A03BB64-69CE-48FF-B362-A3DC6BA5D27F}"
EndProject
Project("{9A19103F-16F7-4668-BE54-9A1E7A4F7556}") = "Soru7", "04_if_else\Soru7\Soru7.csproj", "{43AA7A69-F05E-4A8B-9C6E-E717C960D0BC}"
EndProject
Project("{9A19103F-16F7-4668-BE54-9A1E7A4F7556}") = "Soru8", "04_if_else\Soru8\Soru8.csproj", "{7F31BF81-6881-40BE-A1EC-9309AB851E58}"
EndProject
Project("{9A19103F-16F7-4668-BE54-9A1E7A4F7556}") = "Soru9", "04_if_else\Soru9\Soru9.csproj", "{13701F24-A16F-4A5B-A29A-1504D555EA80}"
EndProject
Global
	GlobalSection(SolutionConfigurationPlatforms) = preSolution
		Debug|Any CPU = Debug|Any CPU
		Release|Any CPU = Release|Any CPU
	EndGlobalSection
	GlobalSection(ProjectConfigurationPlatforms) = postSolution
		{D7DBABFF-0874-46EF-AF63-4B1FAA994B66}.Debug|Any CPU.ActiveCfg = Debug|Any CPU
		{D7DBABFF-0874-46EF-AF63-4B1FAA994B66}.Debug|Any CPU.Build.0 = Debug|Any CPU
		{D7DBABFF-0874-46EF-AF63-4B1FAA994B66}.Release|Any CPU.ActiveCfg = Release|Any CPU
		{D7DBABFF-0874-46EF-AF63-4B1FAA994B66}.Release|Any CPU.Build.0 = Release|Any CPU
		{AA336A09-516E-4A05-935A-2886BDB42741}.Debug|Any CPU.ActiveCfg = Debug|Any CPU
		{AA336A09-516E-4A05-935A-2886BDB42741}.Debug|Any CPU.Build.0 = Debug|Any CPU
		{AA336A09-516E-4A05-935A-2886BDB42741}.Release|Any CPU.ActiveCfg = Release|Any CPU
		{AA336A09-516E-4A05-935A-2886BDB42741}.Release|Any CPU.Build.0 = Release|Any CPU
		{65ABE311-C2E0-48AC-9C7D-37D8CDF042EF}.Debug|Any CPU.ActiveCfg = Debug|Any CPU
		{65ABE311-C2E0-48AC-9C7D-37D8CDF042EF}.Debug|Any CPU.Build.0 = Debug|Any CPU
		{65ABE311-C2E0-48AC-9C7D-37D8CDF042EF}.Release|Any CPU.ActiveCfg = Release|Any CPU
		{65ABE311-C2E0-48AC-9C7D-37D8CDF042EF}.Release|Any CPU.Build.0 = Release|Any CPU
		{C8196D10-9D2F-47A3-BAA8-7A8112453A09}.Debug|Any CPU.ActiveCfg = Debug|Any CPU
		{C8196D10-9D2F-47A3-BAA8-7A8112453A09}.Debug|Any CPU.Build.0 = Debug|Any CPU
		{C8196D10-9D2F-47A3-BAA8-7A8112453A09}.Release|Any CPU.ActiveCfg = Release|Any CPU
		{C8196D10-9D2F-47A3-BAA8-7A8112453A09}.Release|Any CPU.Build.0 = Release|Any CPU
		{D4808909-4F3B-475D-AE23-9CAAC24A7252}.Debug|Any CPU.ActiveCfg = Debug|Any CPU
		{D4808909-4F3B-475D-AE23-9CAAC24A7252}.Debug|Any CPU.Build.0 = Debug|Any CPU
		{D4808909-4F3B-475D-AE23-9CAAC24A7252}.Release|Any CPU.ActiveCfg = Release|Any CPU
		{D4808909-4F3B-475D-AE23-9CAAC24A7252}.Release|Any CPU.Build.0 = Release|Any CPU
		{E03B4B9C-3583-4360-BF54-80E1B2A463F7}.Debug|Any CPU.ActiveCfg = Debug|Any CPU
		{E03B4B9C-3583-4360-BF54-80E1B2A463F7}.Debug|Any CPU.Build.0 = Debug|Any CPU
		{E03B4B9C-3583-4360-BF54-80E1B2A463F7}.Release|Any CPU.ActiveCfg = Release|Any CPU
		{E03B4B9C-3583-4360-BF54-80E1B2A463F7}.Release|Any CPU.Build.0 = Release|Any CPU
		{13DF9D28-9A38-45A8-8DA7-7C08F5B99F10}.Debug|Any CPU.ActiveCfg = Debug|Any CPU
		{13DF9D28-9A38-45A8-8DA7-7C08F5B99F10}.Debug|Any CPU.Build.0 = Debug|Any CPU
		{13DF9D28-9A38-45A8-8DA7-7C08F5B99F10}.Release|Any CPU.ActiveCfg = Release|Any CPU
		{13DF9D28-9A38-45A8-8DA7-7C08F5B99F10}.Release|Any CPU.Build.0 = Release|Any CPU
		{39B2BB86-8CD8-4A92-894F-511D64D9AADB}.Debug|Any CPU.ActiveCfg = Debug|Any CPU
		{39B2BB86-8CD8-4A92-894F-511D64D9AADB}.Debug|Any CPU.Build.0 = Debug|Any CPU
		{39B2BB86-8CD8-4A92-894F-511D64D9AADB}.Release|Any CPU.ActiveCfg = Release|Any CPU
		{39B2BB86-8CD8-4A92-894F-511D64D9AADB}.Release|Any CPU.Build.0 = Release|Any CPU
		{6AB1AB46-4B6E-4F26-8A34-F2113D47293A}.Debug|Any CPU.ActiveCfg = Debug|Any CPU
		{6AB1AB46-4B6E-4F26-8A34-F2113D47293A}.Debug|Any CPU.Build.0 = Debug|Any CPU
		{6AB1AB46-4B6E-4F26-8A34-F2113D47293A}.Release|Any CPU.ActiveCfg = Release|Any CPU
		{6AB1AB46-4B6E-4F26-8A34-F2113D47293A}.Release|Any CPU.Build.0 = Release|Any CPU
		{B59076EB-F6B5-40AC-B232-BDB4B858054C}.Debug|Any CPU.ActiveCfg = Debug|Any CPU
		{B59076EB-F6B5-40AC-B232-BDB4B858054C}.Debug|Any CPU.Build.0 = Debug|Any CPU
		{B59076EB-F6B5-40AC-B232-BDB4B858054C}.Release|Any CPU.ActiveCfg = Release|Any CPU
		{B59076EB-F6B5-40AC-B232-BDB4B858054C}.Release|Any CPU.Build.0 = Release|Any CPU
		{5C0F110C-9510-4D56-B023-BAE7D6076CCF}.Debug|Any CPU.ActiveCfg = Debug|Any CPU
		{5C0F110C-9510-4D56-B023-BAE7D6076CCF}.Debug|Any CPU.Build.0 = Debug|Any CPU
		{5C0F110C-9510-4D56-B023-BAE7D6076CCF}.Release|Any CPU.ActiveCfg = Release|Any CPU
		{5C0F110C-9510-4D56-B023-BAE7D6076CCF}.Release|Any CPU.Build.0 = Release|Any CPU
		{84B8369F-AC71-4C11-892B-A3EBD4D6A387}.Debug|Any CPU.ActiveCfg = Debug|Any CPU
		{84B8369F-AC71-4C11-892B-A3EBD4D6A387}.Debug|Any CPU.Build.0 = Debug|Any CPU
		{84B8369F-AC71-4C11-892B-A3EBD4D6A387}.Release|Any CPU.ActiveCfg = Release|Any CPU
		{84B8369F-AC71-4C11-892B-A3EBD4D6A387}.Release|Any CPU.Build.0 = Release|Any CPU
		{0040CCB6-6F18-498C-84A3-DDDFE869EAD1}.Debug|Any CPU.ActiveCfg = Debug|Any CPU
		{0040CCB6-6F18-498C-84A3-DDDFE869EAD1}.Debug|Any CPU.Build.0 = Debug|Any CPU
		{0040CCB6-6F18-498C-84A3-DDDFE869EAD1}.Release|Any CPU.ActiveCfg = Release|Any CPU
		{0040CCB6-6F18-498C-84A3-DDDFE869EAD1}.Release|Any CPU.Build.0 = Release|Any CPU
		{0C4A327A-F60D-4914-8495-C7CD1A3E1AC8}.Debug|Any CPU.ActiveCfg = Debug|Any CPU
		{0C4A327A-F60D-4914-8495-C7CD1A3E1AC8}.Debug|Any CPU.Build.0 = Debug|Any CPU
		{0C4A327A-F60D-4914-8495-C7CD1A3E1AC8}.Release|Any CPU.ActiveCfg = Release|Any CPU
		{0C4A327A-F60D-4914-8495-C7CD1A3E1AC8}.Release|Any CPU.Build.0 = Release|Any CPU
		{8947568B-EBDA-4FE1-AC06-598529BA77E1}.Debug|Any CPU.ActiveCfg = Debug|Any CPU
		{8947568B-EBDA-4FE1-AC06-598529BA77E1}.Debug|Any CPU.Build.0 = Debug|Any CPU
		{8947568B-EBDA-4FE1-AC06-598529BA77E1}.Release|Any CPU.ActiveCfg = Release|Any CPU
		{8947568B-EBDA-4FE1-AC06-598529BA77E1}.Release|Any CPU.Build.0 = Release|Any CPU
		{7FA91821-C4FA-4F24-B1F9-8903F8635701}.Debug|Any CPU.ActiveCfg = Debug|Any CPU
		{7FA91821-C4FA-4F24-B1F9-8903F8635701}.Debug|Any CPU.Build.0 = Debug|Any CPU
		{7FA91821-C4FA-4F24-B1F9-8903F8635701}.Release|Any CPU.ActiveCfg = Release|Any CPU
		{7FA91821-C4FA-4F24-B1F9-8903F8635701}.Release|Any CPU.Build.0 = Release|Any CPU
		{35DF9027-C425-46EA-8C39-AB878C19B52B}.Debug|Any CPU.ActiveCfg = Debug|Any CPU
		{35DF9027-C425-46EA-8C39-AB878C19B52B}.Debug|Any CPU.Build.0 = Debug|Any CPU
		{35DF9027-C425-46EA-8C39-AB878C19B52B}.Release|Any CPU.ActiveCfg = Release|Any CPU
		{35DF9027-C425-46EA-8C39-AB878C19B52B}.Release|Any CPU.Build.0 = Release|Any CPU
		{B2B889CB-8785-4C64-9EE5-0F47CCD3FBDF}.Debug|Any CPU.ActiveCfg = Debug|Any CPU
		{B2B889CB-8785-4C64-9EE5-0F47CCD3FBDF}.Debug|Any CPU.Build.0 = Debug|Any CPU
		{B2B889CB-8785-4C64-9EE5-0F47CCD3FBDF}.Release|Any CPU.ActiveCfg = Release|Any CPU
		{B2B889CB-8785-4C64-9EE5-0F47CCD3FBDF}.Release|Any CPU.Build.0 = Release|Any CPU
		{A1CBA3CA-77F1-4222-A550-61114C6718CF}.Debug|Any CPU.ActiveCfg = Debug|Any CPU
		{A1CBA3CA-77F1-4222-A550-61114C6718CF}.Debug|Any CPU.Build.0 = Debug|Any CPU
		{A1CBA3CA-77F1-4222-A550-61114C6718CF}.Release|Any CPU.ActiveCfg = Release|Any CPU
		{A1CBA3CA-77F1-4222-A550-61114C6718CF}.Release|Any CPU.Build.0 = Release|Any CPU
		{3B465796-6065-4FEF-827A-266455953446}.Debug|Any CPU.ActiveCfg = Debug|Any CPU
		{3B465796-6065-4FEF-827A-266455953446}.Debug|Any CPU.Build.0 = Debug|Any CPU
		{3B465796-6065-4FEF-827A-266455953446}.Release|Any CPU.ActiveCfg = Release|Any CPU
		{3B465796-6065-4FEF-827A-266455953446}.Release|Any CPU.Build.0 = Release|Any CPU
		{EFDE1AF2-4091-4187-9910-39C2F32E1E38}.Debug|Any CPU.ActiveCfg = Debug|Any CPU
		{EFDE1AF2-4091-4187-9910-39C2F32E1E38}.Debug|Any CPU.Build.0 = Debug|Any CPU
		{EFDE1AF2-4091-4187-9910-39C2F32E1E38}.Release|Any CPU.ActiveCfg = Release|Any CPU
		{EFDE1AF2-4091-4187-9910-39C2F32E1E38}.Release|Any CPU.Build.0 = Release|Any CPU
		{CC75653D-B97D-4F40-BB4F-949D39B3C379}.Debug|Any CPU.ActiveCfg = Debug|Any CPU
		{CC75653D-B97D-4F40-BB4F-949D39B3C379}.Debug|Any CPU.Build.0 = Debug|Any CPU
		{CC75653D-B97D-4F40-BB4F-949D39B3C379}.Release|Any CPU.ActiveCfg = Release|Any CPU
		{CC75653D-B97D-4F40-BB4F-949D39B3C379}.Release|Any CPU.Build.0 = Release|Any CPU
		{A865D16A-3317-4895-B646-B82F67DAD117}.Debug|Any CPU.ActiveCfg = Debug|Any CPU
		{A865D16A-3317-4895-B646-B82F67DAD117}.Debug|Any CPU.Build.0 = Debug|Any CPU
		{A865D16A-3317-4895-B646-B82F67DAD117}.Release|Any CPU.ActiveCfg = Release|Any CPU
		{A865D16A-3317-4895-B646-B82F67DAD117}.Release|Any CPU.Build.0 = Release|Any CPU
		{7BC73900-67F3-489F-873D-F0B804B1C66B}.Debug|Any CPU.ActiveCfg = Debug|Any CPU
		{7BC73900-67F3-489F-873D-F0B804B1C66B}.Debug|Any CPU.Build.0 = Debug|Any CPU
		{7BC73900-67F3-489F-873D-F0B804B1C66B}.Release|Any CPU.ActiveCfg = Release|Any CPU
		{7BC73900-67F3-489F-873D-F0B804B1C66B}.Release|Any CPU.Build.0 = Release|Any CPU
		{EF3D2DC6-4421-4516-976B-C5CF0B786E6A}.Debug|Any CPU.ActiveCfg = Debug|Any CPU
		{EF3D2DC6-4421-4516-976B-C5CF0B786E6A}.Debug|Any CPU.Build.0 = Debug|Any CPU
		{EF3D2DC6-4421-4516-976B-C5CF0B786E6A}.Release|Any CPU.ActiveCfg = Release|Any CPU
		{EF3D2DC6-4421-4516-976B-C5CF0B786E6A}.Release|Any CPU.Build.0 = Release|Any CPU
		{AFD6FB11-0B25-4C21-B114-F4813AEFD8CC}.Debug|Any CPU.ActiveCfg = Debug|Any CPU
		{AFD6FB11-0B25-4C21-B114-F4813AEFD8CC}.Debug|Any CPU.Build.0 = Debug|Any CPU
		{AFD6FB11-0B25-4C21-B114-F4813AEFD8CC}.Release|Any CPU.ActiveCfg = Release|Any CPU
		{AFD6FB11-0B25-4C21-B114-F4813AEFD8CC}.Release|Any CPU.Build.0 = Release|Any CPU
		{0B6AF586-E4EF-4654-ACC6-B167D9C0B9E7}.Debug|Any CPU.ActiveCfg = Debug|Any CPU
		{0B6AF586-E4EF-4654-ACC6-B167D9C0B9E7}.Debug|Any CPU.Build.0 = Debug|Any CPU
		{0B6AF586-E4EF-4654-ACC6-B167D9C0B9E7}.Release|Any CPU.ActiveCfg = Release|Any CPU
		{0B6AF586-E4EF-4654-ACC6-B167D9C0B9E7}.Release|Any CPU.Build.0 = Release|Any CPU
		{3343D4EF-5C9D-42CE-B824-8310D11420B4}.Debug|Any CPU.ActiveCfg = Debug|Any CPU
		{3343D4EF-5C9D-42CE-B824-8310D11420B4}.Debug|Any CPU.Build.0 = Debug|Any CPU
		{3343D4EF-5C9D-42CE-B824-8310D11420B4}.Release|Any CPU.ActiveCfg = Release|Any CPU
		{3343D4EF-5C9D-42CE-B824-8310D11420B4}.Release|Any CPU.Build.0 = Release|Any CPU
		{2B69FC3B-8B60-42AA-A2BC-97C0C675D59A}.Debug|Any CPU.ActiveCfg = Debug|Any CPU
		{2B69FC3B-8B60-42AA-A2BC-97C0C675D59A}.Debug|Any CPU.Build.0 = Debug|Any CPU
		{2B69FC3B-8B60-42AA-A2BC-97C0C675D59A}.Release|Any CPU.ActiveCfg = Release|Any CPU
		{2B69FC3B-8B60-42AA-A2BC-97C0C675D59A}.Release|Any CPU.Build.0 = Release|Any CPU
		{8DB2EC6C-5C07-4A6F-B97E-11F062C641C1}.Debug|Any CPU.ActiveCfg = Debug|Any CPU
		{8DB2EC6C-5C07-4A6F-B97E-11F062C641C1}.Debug|Any CPU.Build.0 = Debug|Any CPU
		{8DB2EC6C-5C07-4A6F-B97E-11F062C641C1}.Release|Any CPU.ActiveCfg = Release|Any CPU
		{8DB2EC6C-5C07-4A6F-B97E-11F062C641C1}.Release|Any CPU.Build.0 = Release|Any CPU
		{EBC39D43-028D-4BE2-AAF7-CAE16BB16B5A}.Debug|Any CPU.ActiveCfg = Debug|Any CPU
		{EBC39D43-028D-4BE2-AAF7-CAE16BB16B5A}.Debug|Any CPU.Build.0 = Debug|Any CPU
		{EBC39D43-028D-4BE2-AAF7-CAE16BB16B5A}.Release|Any CPU.ActiveCfg = Release|Any CPU
		{EBC39D43-028D-4BE2-AAF7-CAE16BB16B5A}.Release|Any CPU.Build.0 = Release|Any CPU
		{7A03BB64-69CE-48FF-B362-A3DC6BA5D27F}.Debug|Any CPU.ActiveCfg = Debug|Any CPU
		{7A03BB64-69CE-48FF-B362-A3DC6BA5D27F}.Debug|Any CPU.Build.0 = Debug|Any CPU
		{7A03BB64-69CE-48FF-B362-A3DC6BA5D27F}.Release|Any CPU.ActiveCfg = Release|Any CPU
		{7A03BB64-69CE-48FF-B362-A3DC6BA5D27F}.Release|Any CPU.Build.0 = Release|Any CPU
		{43AA7A69-F05E-4A8B-9C6E-E717C960D0BC}.Debug|Any CPU.ActiveCfg = Debug|Any CPU
		{43AA7A69-F05E-4A8B-9C6E-E717C960D0BC}.Debug|Any CPU.Build.0 = Debug|Any CPU
		{43AA7A69-F05E-4A8B-9C6E-E717C960D0BC}.Release|Any CPU.ActiveCfg = Release|Any CPU
		{43AA7A69-F05E-4A8B-9C6E-E717C960D0BC}.Release|Any CPU.Build.0 = Release|Any CPU
		{7F31BF81-6881-40BE-A1EC-9309AB851E58}.Debug|Any CPU.ActiveCfg = Debug|Any CPU
		{7F31BF81-6881-40BE-A1EC-9309AB851E58}.Debug|Any CPU.Build.0 = Debug|Any CPU
		{7F31BF81-6881-40BE-A1EC-9309AB851E58}.Release|Any CPU.ActiveCfg = Release|Any CPU
		{7F31BF81-6881-40BE-A1EC-9309AB851E58}.Release|Any CPU.Build.0 = Release|Any CPU
		{13701F24-A16F-4A5B-A29A-1504D555EA80}.Debug|Any CPU.ActiveCfg = Debug|Any CPU
		{13701F24-A16F-4A5B-A29A-1504D555EA80}.Debug|Any CPU.Build.0 = Debug|Any CPU
		{13701F24-A16F-4A5B-A29A-1504D555EA80}.Release|Any CPU.ActiveCfg = Release|Any CPU
		{13701F24-A16F-4A5B-A29A-1504D555EA80}.Release|Any CPU.Build.0 = Release|Any CPU
	EndGlobalSection
	GlobalSection(SolutionProperties) = preSolution
		HideSolutionNode = FALSE
	EndGlobalSection
	GlobalSection(NestedProjects) = preSolution
		{D7DBABFF-0874-46EF-AF63-4B1FAA994B66} = {3889BF62-AF97-4984-82DA-10DFD2814009}
		{AA336A09-516E-4A05-935A-2886BDB42741} = {3889BF62-AF97-4984-82DA-10DFD2814009}
		{65ABE311-C2E0-48AC-9C7D-37D8CDF042EF} = {3889BF62-AF97-4984-82DA-10DFD2814009}
		{C8196D10-9D2F-47A3-BAA8-7A8112453A09} = {3889BF62-AF97-4984-82DA-10DFD2814009}
		{D4808909-4F3B-475D-AE23-9CAAC24A7252} = {3889BF62-AF97-4984-82DA-10DFD2814009}
		{E03B4B9C-3583-4360-BF54-80E1B2A463F7} = {15F55074-DEEF-4690-B176-E0059E194388}
		{13DF9D28-9A38-45A8-8DA7-7C08F5B99F10} = {15F55074-DEEF-4690-B176-E0059E194388}
		{39B2BB86-8CD8-4A92-894F-511D64D9AADB} = {15F55074-DEEF-4690-B176-E0059E194388}
		{6AB1AB46-4B6E-4F26-8A34-F2113D47293A} = {15F55074-DEEF-4690-B176-E0059E194388}
		{B59076EB-F6B5-40AC-B232-BDB4B858054C} = {15F55074-DEEF-4690-B176-E0059E194388}
		{5C0F110C-9510-4D56-B023-BAE7D6076CCF} = {15F55074-DEEF-4690-B176-E0059E194388}
		{84B8369F-AC71-4C11-892B-A3EBD4D6A387} = {15F55074-DEEF-4690-B176-E0059E194388}
		{0040CCB6-6F18-498C-84A3-DDDFE869EAD1} = {15F55074-DEEF-4690-B176-E0059E194388}
		{0C4A327A-F60D-4914-8495-C7CD1A3E1AC8} = {15F55074-DEEF-4690-B176-E0059E194388}
		{8947568B-EBDA-4FE1-AC06-598529BA77E1} = {15F55074-DEEF-4690-B176-E0059E194388}
		{7FA91821-C4FA-4F24-B1F9-8903F8635701} = {108F8F95-23FA-45F9-B138-DFFA8A680E2E}
		{35DF9027-C425-46EA-8C39-AB878C19B52B} = {108F8F95-23FA-45F9-B138-DFFA8A680E2E}
		{B2B889CB-8785-4C64-9EE5-0F47CCD3FBDF} = {108F8F95-23FA-45F9-B138-DFFA8A680E2E}
		{A1CBA3CA-77F1-4222-A550-61114C6718CF} = {108F8F95-23FA-45F9-B138-DFFA8A680E2E}
		{3B465796-6065-4FEF-827A-266455953446} = {108F8F95-23FA-45F9-B138-DFFA8A680E2E}
		{EFDE1AF2-4091-4187-9910-39C2F32E1E38} = {108F8F95-23FA-45F9-B138-DFFA8A680E2E}
		{CC75653D-B97D-4F40-BB4F-949D39B3C379} = {108F8F95-23FA-45F9-B138-DFFA8A680E2E}
		{A865D16A-3317-4895-B646-B82F67DAD117} = {108F8F95-23FA-45F9-B138-DFFA8A680E2E}
		{7BC73900-67F3-489F-873D-F0B804B1C66B} = {108F8F95-23FA-45F9-B138-DFFA8A680E2E}
		{EF3D2DC6-4421-4516-976B-C5CF0B786E6A} = {108F8F95-23FA-45F9-B138-DFFA8A680E2E}
		{AFD6FB11-0B25-4C21-B114-F4813AEFD8CC} = {A51D9051-D378-4505-B863-9A582DD7C0F5}
		{0B6AF586-E4EF-4654-ACC6-B167D9C0B9E7} = {A51D9051-D378-4505-B863-9A582DD7C0F5}
		{3343D4EF-5C9D-42CE-B824-8310D11420B4} = {A51D9051-D378-4505-B863-9A582DD7C0F5}
		{2B69FC3B-8B60-42AA-A2BC-97C0C675D59A} = {A51D9051-D378-4505-B863-9A582DD7C0F5}
		{8DB2EC6C-5C07-4A6F-B97E-11F062C641C1} = {A51D9051-D378-4505-B863-9A582DD7C0F5}
		{EBC39D43-028D-4BE2-AAF7-CAE16BB16B5A} = {A51D9051-D378-4505-B863-9A582DD7C0F5}
		{7A03BB64-69CE-48FF-B362-A3DC6BA5D27F} = {A51D9051-D378-4505-B863-9A582DD7C0F5}
		{43AA7A69-F05E-4A8B-9C6E-E717C960D0BC} = {A51D9051-D378-4505-B863-9A582DD7C0F5}
		{7F31BF81-6881-40BE-A1EC-9309AB851E58} = {A51D9051-D378-4505-B863-9A582DD7C0F5}
		{13701F24-A16F-4A5B-A29A-1504D555EA80} = {A51D9051-D378-4505-B863-9A582DD7C0F5}
	EndGlobalSection
	GlobalSection(ExtensibilityGlobals) = postSolution
		SolutionGuid = {1E97003C-FD6E-4551-95EE-158AF523CFFA}
	EndGlobalSection
EndGlobal
