
Microsoft Visual Studio Solution File, Format Version 12.00
# Visual Studio Version 17
VisualStudioVersion = 17.5.002.0
MinimumVisualStudioVersion = 10.0.40219.1
Project("{9A19103F-16F7-4668-BE54-9A1E7A4F7556}") = "Soru1", "Soru1\Soru1.csproj", "{314EA6B3-CD64-430B-B37B-2327A89B22BF}"
EndProject
Project("{9A19103F-16F7-4668-BE54-9A1E7A4F7556}") = "Soru10", "Soru10\Soru10.csproj", "{61E200DD-5A12-4044-9CDD-A474F5E76ABE}"
EndProject
Project("{9A19103F-16F7-4668-BE54-9A1E7A4F7556}") = "Soru11", "Soru11\Soru11.csproj", "{03546EB7-E840-495A-AE2A-D7DE2313330B}"
EndProject
Project("{9A19103F-16F7-4668-BE54-9A1E7A4F7556}") = "Soru12", "Soru12\Soru12.csproj", "{0834C9C1-9668-462B-AF8A-76707BBB911B}"
EndProject
Project("{9A19103F-16F7-4668-BE54-9A1E7A4F7556}") = "Soru13", "Soru13\Soru13.csproj", "{57546F21-64B0-45B9-B9E9-A7898ED63572}"
EndProject
Project("{9A19103F-16F7-4668-BE54-9A1E7A4F7556}") = "Soru14", "Soru14\Soru14.csproj", "{D41E885E-D7E3-47FD-93AE-F55FE759B391}"
EndProject
Project("{9A19103F-16F7-4668-BE54-9A1E7A4F7556}") = "Soru15", "Soru15\Soru15.csproj", "{F68CE9D1-B7AB-4FDB-BC8C-7308B3035A56}"
EndProject
Project("{9A19103F-16F7-4668-BE54-9A1E7A4F7556}") = "Soru16", "Soru16\Soru16.csproj", "{9230BDEF-37FE-4F99-AA09-01DE305AD9A5}"
EndProject
Project("{9A19103F-16F7-4668-BE54-9A1E7A4F7556}") = "Soru17", "Soru17\Soru17.csproj", "{DC74654B-F105-4026-8140-20D39A2947F7}"
EndProject
Project("{9A19103F-16F7-4668-BE54-9A1E7A4F7556}") = "Soru2", "Soru2\Soru2.csproj", "{4EF3DCC8-8526-4684-9B30-85FB2122DC65}"
EndProject
Project("{9A19103F-16F7-4668-BE54-9A1E7A4F7556}") = "Soru3", "Soru3\Soru3.csproj", "{17434CF4-D124-48C1-9DBC-CBD1E1EF2734}"
EndProject
Project("{9A19103F-16F7-4668-BE54-9A1E7A4F7556}") = "Soru4", "Soru4\Soru4.csproj", "{985A3AD7-75BE-4983-ABA3-9EC630B72084}"
EndProject
Project("{9A19103F-16F7-4668-BE54-9A1E7A4F7556}") = "Soru5", "Soru5\Soru5.csproj", "{7597FF5F-9D46-402B-9456-2AEB1BB07040}"
EndProject
Project("{9A19103F-16F7-4668-BE54-9A1E7A4F7556}") = "Soru6", "Soru6\Soru6.csproj", "{5994E5D0-235D-4B6B-A82A-7DED23E2D61F}"
EndProject
Project("{9A19103F-16F7-4668-BE54-9A1E7A4F7556}") = "Soru7", "Soru7\Soru7.csproj", "{31476208-2B57-4BD1-BF75-82A330EF312A}"
EndProject
Project("{9A19103F-16F7-4668-BE54-9A1E7A4F7556}") = "Soru8", "Soru8\Soru8.csproj", "{8115B070-B363-4B15-A793-29DCBB2A8900}"
EndProject
Project("{9A19103F-16F7-4668-BE54-9A1E7A4F7556}") = "Soru9", "Soru9\Soru9.csproj", "{DBD67A0C-AABC-485C-BB0D-59FCEFE295DF}"
EndProject
Global
	GlobalSection(SolutionConfigurationPlatforms) = preSolution
		Debug|Any CPU = Debug|Any CPU
		Release|Any CPU = Release|Any CPU
	EndGlobalSection
	GlobalSection(ProjectConfigurationPlatforms) = postSolution
		{314EA6B3-CD64-430B-B37B-2327A89B22BF}.Debug|Any CPU.ActiveCfg = Debug|Any CPU
		{314EA6B3-CD64-430B-B37B-2327A89B22BF}.Debug|Any CPU.Build.0 = Debug|Any CPU
		{314EA6B3-CD64-430B-B37B-2327A89B22BF}.Release|Any CPU.ActiveCfg = Release|Any CPU
		{314EA6B3-CD64-430B-B37B-2327A89B22BF}.Release|Any CPU.Build.0 = Release|Any CPU
		{61E200DD-5A12-4044-9CDD-A474F5E76ABE}.Debug|Any CPU.ActiveCfg = Debug|Any CPU
		{61E200DD-5A12-4044-9CDD-A474F5E76ABE}.Debug|Any CPU.Build.0 = Debug|Any CPU
		{61E200DD-5A12-4044-9CDD-A474F5E76ABE}.Release|Any CPU.ActiveCfg = Release|Any CPU
		{61E200DD-5A12-4044-9CDD-A474F5E76ABE}.Release|Any CPU.Build.0 = Release|Any CPU
		{03546EB7-E840-495A-AE2A-D7DE2313330B}.Debug|Any CPU.ActiveCfg = Debug|Any CPU
		{03546EB7-E840-495A-AE2A-D7DE2313330B}.Debug|Any CPU.Build.0 = Debug|Any CPU
		{03546EB7-E840-495A-AE2A-D7DE2313330B}.Release|Any CPU.ActiveCfg = Release|Any CPU
		{03546EB7-E840-495A-AE2A-D7DE2313330B}.Release|Any CPU.Build.0 = Release|Any CPU
		{0834C9C1-9668-462B-AF8A-76707BBB911B}.Debug|Any CPU.ActiveCfg = Debug|Any CPU
		{0834C9C1-9668-462B-AF8A-76707BBB911B}.Debug|Any CPU.Build.0 = Debug|Any CPU
		{0834C9C1-9668-462B-AF8A-76707BBB911B}.Release|Any CPU.ActiveCfg = Release|Any CPU
		{0834C9C1-9668-462B-AF8A-76707BBB911B}.Release|Any CPU.Build.0 = Release|Any CPU
		{57546F21-64B0-45B9-B9E9-A7898ED63572}.Debug|Any CPU.ActiveCfg = Debug|Any CPU
		{57546F21-64B0-45B9-B9E9-A7898ED63572}.Debug|Any CPU.Build.0 = Debug|Any CPU
		{57546F21-64B0-45B9-B9E9-A7898ED63572}.Release|Any CPU.ActiveCfg = Release|Any CPU
		{57546F21-64B0-45B9-B9E9-A7898ED63572}.Release|Any CPU.Build.0 = Release|Any CPU
		{D41E885E-D7E3-47FD-93AE-F55FE759B391}.Debug|Any CPU.ActiveCfg = Debug|Any CPU
		{D41E885E-D7E3-47FD-93AE-F55FE759B391}.Debug|Any CPU.Build.0 = Debug|Any CPU
		{D41E885E-D7E3-47FD-93AE-F55FE759B391}.Release|Any CPU.ActiveCfg = Release|Any CPU
		{D41E885E-D7E3-47FD-93AE-F55FE759B391}.Release|Any CPU.Build.0 = Release|Any CPU
		{F68CE9D1-B7AB-4FDB-BC8C-7308B3035A56}.Debug|Any CPU.ActiveCfg = Debug|Any CPU
		{F68CE9D1-B7AB-4FDB-BC8C-7308B3035A56}.Debug|Any CPU.Build.0 = Debug|Any CPU
		{F68CE9D1-B7AB-4FDB-BC8C-7308B3035A56}.Release|Any CPU.ActiveCfg = Release|Any CPU
		{F68CE9D1-B7AB-4FDB-BC8C-7308B3035A56}.Release|Any CPU.Build.0 = Release|Any CPU
		{9230BDEF-37FE-4F99-AA09-01DE305AD9A5}.Debug|Any CPU.ActiveCfg = Debug|Any CPU
		{9230BDEF-37FE-4F99-AA09-01DE305AD9A5}.Debug|Any CPU.Build.0 = Debug|Any CPU
		{9230BDEF-37FE-4F99-AA09-01DE305AD9A5}.Release|Any CPU.ActiveCfg = Release|Any CPU
		{9230BDEF-37FE-4F99-AA09-01DE305AD9A5}.Release|Any CPU.Build.0 = Release|Any CPU
		{DC74654B-F105-4026-8140-20D39A2947F7}.Debug|Any CPU.ActiveCfg = Debug|Any CPU
		{DC74654B-F105-4026-8140-20D39A2947F7}.Debug|Any CPU.Build.0 = Debug|Any CPU
		{DC74654B-F105-4026-8140-20D39A2947F7}.Release|Any CPU.ActiveCfg = Release|Any CPU
		{DC74654B-F105-4026-8140-20D39A2947F7}.Release|Any CPU.Build.0 = Release|Any CPU
		{4EF3DCC8-8526-4684-9B30-85FB2122DC65}.Debug|Any CPU.ActiveCfg = Debug|Any CPU
		{4EF3DCC8-8526-4684-9B30-85FB2122DC65}.Debug|Any CPU.Build.0 = Debug|Any CPU
		{4EF3DCC8-8526-4684-9B30-85FB2122DC65}.Release|Any CPU.ActiveCfg = Release|Any CPU
		{4EF3DCC8-8526-4684-9B30-85FB2122DC65}.Release|Any CPU.Build.0 = Release|Any CPU
		{17434CF4-D124-48C1-9DBC-CBD1E1EF2734}.Debug|Any CPU.ActiveCfg = Debug|Any CPU
		{17434CF4-D124-48C1-9DBC-CBD1E1EF2734}.Debug|Any CPU.Build.0 = Debug|Any CPU
		{17434CF4-D124-48C1-9DBC-CBD1E1EF2734}.Release|Any CPU.ActiveCfg = Release|Any CPU
		{17434CF4-D124-48C1-9DBC-CBD1E1EF2734}.Release|Any CPU.Build.0 = Release|Any CPU
		{985A3AD7-75BE-4983-ABA3-9EC630B72084}.Debug|Any CPU.ActiveCfg = Debug|Any CPU
		{985A3AD7-75BE-4983-ABA3-9EC630B72084}.Debug|Any CPU.Build.0 = Debug|Any CPU
		{985A3AD7-75BE-4983-ABA3-9EC630B72084}.Release|Any CPU.ActiveCfg = Release|Any CPU
		{985A3AD7-75BE-4983-ABA3-9EC630B72084}.Release|Any CPU.Build.0 = Release|Any CPU
		{7597FF5F-9D46-402B-9456-2AEB1BB07040}.Debug|Any CPU.ActiveCfg = Debug|Any CPU
		{7597FF5F-9D46-402B-9456-2AEB1BB07040}.Debug|Any CPU.Build.0 = Debug|Any CPU
		{7597FF5F-9D46-402B-9456-2AEB1BB07040}.Release|Any CPU.ActiveCfg = Release|Any CPU
		{7597FF5F-9D46-402B-9456-2AEB1BB07040}.Release|Any CPU.Build.0 = Release|Any CPU
		{5994E5D0-235D-4B6B-A82A-7DED23E2D61F}.Debug|Any CPU.ActiveCfg = Debug|Any CPU
		{5994E5D0-235D-4B6B-A82A-7DED23E2D61F}.Debug|Any CPU.Build.0 = Debug|Any CPU
		{5994E5D0-235D-4B6B-A82A-7DED23E2D61F}.Release|Any CPU.ActiveCfg = Release|Any CPU
		{5994E5D0-235D-4B6B-A82A-7DED23E2D61F}.Release|Any CPU.Build.0 = Release|Any CPU
		{31476208-2B57-4BD1-BF75-82A330EF312A}.Debug|Any CPU.ActiveCfg = Debug|Any CPU
		{31476208-2B57-4BD1-BF75-82A330EF312A}.Debug|Any CPU.Build.0 = Debug|Any CPU
		{31476208-2B57-4BD1-BF75-82A330EF312A}.Release|Any CPU.ActiveCfg = Release|Any CPU
		{31476208-2B57-4BD1-BF75-82A330EF312A}.Release|Any CPU.Build.0 = Release|Any CPU
		{8115B070-B363-4B15-A793-29DCBB2A8900}.Debug|Any CPU.ActiveCfg = Debug|Any CPU
		{8115B070-B363-4B15-A793-29DCBB2A8900}.Debug|Any CPU.Build.0 = Debug|Any CPU
		{8115B070-B363-4B15-A793-29DCBB2A8900}.Release|Any CPU.ActiveCfg = Release|Any CPU
		{8115B070-B363-4B15-A793-29DCBB2A8900}.Release|Any CPU.Build.0 = Release|Any CPU
		{DBD67A0C-AABC-485C-BB0D-59FCEFE295DF}.Debug|Any CPU.ActiveCfg = Debug|Any CPU
		{DBD67A0C-AABC-485C-BB0D-59FCEFE295DF}.Debug|Any CPU.Build.0 = Debug|Any CPU
		{DBD67A0C-AABC-485C-BB0D-59FCEFE295DF}.Release|Any CPU.ActiveCfg = Release|Any CPU
		{DBD67A0C-AABC-485C-BB0D-59FCEFE295DF}.Release|Any CPU.Build.0 = Release|Any CPU
	EndGlobalSection
	GlobalSection(SolutionProperties) = preSolution
		HideSolutionNode = FALSE
	EndGlobalSection
	GlobalSection(ExtensibilityGlobals) = postSolution
		SolutionGuid = {63141674-1664-467F-B2E5-FC200255B2BD}
	EndGlobalSection
EndGlobal
